
Microsoft Visual Studio Solution File, Format Version 12.00
# Visual Studio Version 16
VisualStudioVersion = 16.0.29509.3
MinimumVisualStudioVersion = 10.0.40219.1
Project("{FAE04EC0-301F-11D3-BF4B-00C04F79EFBC}") = "HomeWork1", "HomeWorkDouble\HomeWork1.csproj", "{65B2D9AB-EEF9-4246-9F99-DF141937F89A}"
EndProject
Project("{FAE04EC0-301F-11D3-BF4B-00C04F79EFBC}") = "ConsolePraktic", "ConsolePraktic\ConsolePraktic.csproj", "{AD463452-6AC7-4955-B9E0-605A156BA12D}"
EndProject
Project("{FAE04EC0-301F-11D3-BF4B-00C04F79EFBC}") = "Calculator", "Calculator\Calculator.csproj", "{D77CB1B5-D1DA-4D41-A562-7A0CD81E9B98}"
EndProject
Project("{FAE04EC0-301F-11D3-BF4B-00C04F79EFBC}") = "HY_HomeWork01_WPF", "HY_HomeWork01_WPF\HY_HomeWork01_WPF.csproj", "{20CDD4A0-290B-4906-A559-F9ED93E81BAD}"
EndProject
Project("{FAE04EC0-301F-11D3-BF4B-00C04F79EFBC}") = "11122019ClassWork", "11122019ClassWork\11122019ClassWork.csproj", "{660D6F65-D0ED-4DC1-BD0A-83C94A58AE8C}"
EndProject
Project("{FAE04EC0-301F-11D3-BF4B-00C04F79EFBC}") = "01_003_HomeTasks_01_3_Switch", "003_HomeTasks_01_3_Switch\01_003_HomeTasks_01_3_Switch.csproj", "{0AC9DA63-3C52-45E4-9EC6-31060FB29BA5}"
EndProject
Project("{FAE04EC0-301F-11D3-BF4B-00C04F79EFBC}") = "01_004_HomeTasks_01_4_For", "004_HomeTasks_01_4_For\01_004_HomeTasks_01_4_For.csproj", "{949BBFF3-C37B-405A-B453-3F0AB2E75F26}"
EndProject
Project("{FAE04EC0-301F-11D3-BF4B-00C04F79EFBC}") = "01_004_GuessTheGameWPF", "004_GuessTheGameWPF\01_004_GuessTheGameWPF.csproj", "{879130F4-D313-46B2-BF2B-1EBE4EBEE365}"
EndProject
Project("{FAE04EC0-301F-11D3-BF4B-00C04F79EFBC}") = "Test", "Test\Test.csproj", "{B9B07FEF-CC69-4A70-8CA4-2AE41395A450}"
EndProject
Project("{FAE04EC0-301F-11D3-BF4B-00C04F79EFBC}") = "01_005_HomeTask_For_For", "01_05_HomeTask_For_For\01_005_HomeTask_For_For.csproj", "{BC692E8D-8D64-43CF-A6CD-7B67FD801CD6}"
EndProject
Project("{FAE04EC0-301F-11D3-BF4B-00C04F79EFBC}") = "01_005_HomeTask_For_For_WPF", "01_005_HomeTask_For_For_WPF\01_005_HomeTask_For_For_WPF.csproj", "{F5997AC2-C750-4433-9EB9-4AB54302A5BB}"
EndProject
Project("{2150E333-8FDC-42A3-9474-1A3956D46DE8}") = "001_HW", "001_HW", "{CBEB469F-D456-4B20-8961-F94307D67021}"
EndProject
Project("{FAE04EC0-301F-11D3-BF4B-00C04F79EFBC}") = "HW_01_04_Array_Sort_WeekDay", "HW_01_04_Array_Sort_WeekDay\HW_01_04_Array_Sort_WeekDay.csproj", "{7B788B7D-8C22-403D-B61E-4ABA9D2D7EA6}"
EndProject
Project("{FAE04EC0-301F-11D3-BF4B-00C04F79EFBC}") = "01_006_RegularExpressions", "01_004_RegularExpressions\01_006_RegularExpressions.csproj", "{E196C274-B2B1-413C-A3FB-D43A37684AB9}"
EndProject
Project("{FAE04EC0-301F-11D3-BF4B-00C04F79EFBC}") = "01_007_HomeTask_SearchSort", "01_007_HomeTask_SearchSort\01_007_HomeTask_SearchSort.csproj", "{36989B63-E608-4C5B-90AE-58D7336CE437}"
EndProject
Project("{FAE04EC0-301F-11D3-BF4B-00C04F79EFBC}") = "Array_Shifts", "Array_Shifts\Array_Shifts.csproj", "{A28C2173-61EC-467D-8FF2-9105F9BCEB56}"
EndProject
Project("{FAE04EC0-301F-11D3-BF4B-00C04F79EFBC}") = "01_008_CoffeSite", "01_008_CoffeSite\01_008_CoffeSite.csproj", "{22E64C1A-E422-424B-930B-5FB660B90787}"
EndProject
Project("{FAE04EC0-301F-11D3-BF4B-00C04F79EFBC}") = "01_009_HomeTask_2_massiv", "01_009_HomeTask_2_massiv\01_009_HomeTask_2_massiv.csproj", "{FCAE12A8-EF98-4D00-90E3-477CC2A126E6}"
EndProject
Project("{FAE04EC0-301F-11D3-BF4B-00C04F79EFBC}") = "13012019ClassWork", "13012019ClassWork\13012019ClassWork.csproj", "{B3D54113-7797-4BD1-8555-B77A5A09D2F3}"
EndProject
Project("{FAE04EC0-301F-11D3-BF4B-00C04F79EFBC}") = "01_010_HomeTasks_JS", "01_010_HomeTasks_JS\01_010_HomeTasks_JS.csproj", "{214C0F75-7784-4F32-9743-AE5CED3EF475}"
EndProject
Project("{2150E333-8FDC-42A3-9474-1A3956D46DE8}") = "002_HW", "002_HW", "{1C95415B-57F3-456A-86C1-63243B98D6D1}"
EndProject
Project("{FAE04EC0-301F-11D3-BF4B-00C04F79EFBC}") = "02_001_Classes", "02_001_Classes\02_001_Classes.csproj", "{76D08C9A-882C-4C08-ABC0-B8D7DBE718D2}"
EndProject
Project("{FAE04EC0-301F-11D3-BF4B-00C04F79EFBC}") = "ClassWork20012020_MyCal", "ClassWork20012020\ClassWork20012020_MyCal.csproj", "{4D4B31B7-AE1A-4EBC-91DE-42F597933E79}"
EndProject
Project("{FAE04EC0-301F-11D3-BF4B-00C04F79EFBC}") = "MyCalc.Tests", "MyCalc.Tests\MyCalc.Tests.csproj", "{184C6323-0E6C-41CE-A1EA-A066954AD897}"
EndProject
Project("{FAE04EC0-301F-11D3-BF4B-00C04F79EFBC}") = "PasswordStrengthCherer", "PasswordStrengthCherer\PasswordStrengthCherer.csproj", "{A8F7D205-D4A9-4C27-B394-87D92604C7DF}"
EndProject
Project("{FAE04EC0-301F-11D3-BF4B-00C04F79EFBC}") = "PassworStringthChekerTests", "PassworStringthChekerTests\PassworStringthChekerTests.csproj", "{D58D95E6-9E74-4219-B205-425712F70827}"
EndProject
Project("{FAE04EC0-301F-11D3-BF4B-00C04F79EFBC}") = "02_002_Classes_Consstructors", "02_002_Classes_Consstructors\02_002_Classes_Consstructors.csproj", "{4483DB4D-8F7B-43A9-8AFE-B74136E5C028}"
EndProject
Project("{FAE04EC0-301F-11D3-BF4B-00C04F79EFBC}") = "02_003_TDD_DZ_1", "02_003_TDD_DZ_1\02_003_TDD_DZ_1.csproj", "{72E44466-1AEB-4805-B5B2-7CA5B294601E}"
EndProject
Project("{FAE04EC0-301F-11D3-BF4B-00C04F79EFBC}") = "02_003_TDD_DZ_1_Test", "02_003_TDD_DZ_1_Test\02_003_TDD_DZ_1_Test.csproj", "{A71276D8-1764-455A-8E8F-071D13020501}"
EndProject
Project("{FAE04EC0-301F-11D3-BF4B-00C04F79EFBC}") = "02-002-Classes_Consstructors_Tests", "02-002-Classes_Consstructors_Tests\02-002-Classes_Consstructors_Tests.csproj", "{4ABF7530-ECB4-429F-98B8-2D2F597D6974}"
EndProject
Project("{FAE04EC0-301F-11D3-BF4B-00C04F79EFBC}") = "ClassWork22012020_NUnit", "ClassWork22012020\ClassWork22012020_NUnit.csproj", "{81BFDE3F-381F-49C1-A123-64E388FB1979}"
EndProject
Project("{FAE04EC0-301F-11D3-BF4B-00C04F79EFBC}") = "MultyMoney", "MultyMoney\MultyMoney.csproj", "{D1F34902-B927-4B43-AC3E-F16BC39E9710}"
EndProject
Project("{FAE04EC0-301F-11D3-BF4B-00C04F79EFBC}") = "ConsoleApp1TDD_Tr_NUnit", "ConsoleApp1\ConsoleApp1TDD_Tr_NUnit.csproj", "{A0A4F142-2063-4914-9939-83A39F900137}"
EndProject
Project("{FAE04EC0-301F-11D3-BF4B-00C04F79EFBC}") = "02_004_HomeTask_Inheritance", "02_004_HomeTask_Inheritance\02_004_HomeTask_Inheritance.csproj", "{0C5030BE-2B3B-44A5-B0D5-B0CA1ACA6827}"
EndProject
Project("{FAE04EC0-301F-11D3-BF4B-00C04F79EFBC}") = "ClassWork24012020_BankCount_TDD", "ClassWork24012020\ClassWork24012020_BankCount_TDD.csproj", "{E46CE6AE-F757-4A1C-B69E-F88F5D1BF04A}"
EndProject
Project("{FAE04EC0-301F-11D3-BF4B-00C04F79EFBC}") = "02_005_HomeTask_Abstract", "02_005_HomeTask_Abstract\02_005_HomeTask_Abstract.csproj", "{7CCB3168-C8A5-41C7-9001-7BAC3194A8C1}"
EndProject
Project("{FAE04EC0-301F-11D3-BF4B-00C04F79EFBC}") = "ClassWork27012020_Interface", "ClassWork27012020\ClassWork27012020_Interface.csproj", "{7056D27D-DF56-464E-B368-F580B36BD347}"
EndProject
Project("{FAE04EC0-301F-11D3-BF4B-00C04F79EFBC}") = "ClassWork27012020_Interface_HumanShop", "ClassWork27012020_Interface_HumanShop\ClassWork27012020_Interface_HumanShop.csproj", "{9D204A58-C9C8-42CD-B89B-B3816E9CCF2C}"
EndProject
Project("{FAE04EC0-301F-11D3-BF4B-00C04F79EFBC}") = "02_006_HomeTask_AbstractFigure", "02\02_006_HomeTask_AbstractFigure.csproj", "{B4D04184-208D-4456-ADA5-8A128E0683B1}"
EndProject
Project("{FAE04EC0-301F-11D3-BF4B-00C04F79EFBC}") = "Tangram", "Tangram\Tangram.csproj", "{1F475BAB-CF28-44A6-9A37-50FD1FD2B3A3}"
EndProject
Project("{FAE04EC0-301F-11D3-BF4B-00C04F79EFBC}") = "02_007_HomeTask_Struct", "02_007_HomeTask_Struct\02_007_HomeTask_Struct.csproj", "{4BB2B3BB-A36E-485F-9FC9-BBE3E964879F}"
EndProject
Project("{FAE04EC0-301F-11D3-BF4B-00C04F79EFBC}") = "02_008_HomeTask_DelegateLamdba", "02_008_HomeTask_DelegateLamdba\02_008_HomeTask_DelegateLamdba.csproj", "{C89220B7-B9D3-42A0-B62D-981FF976A5CF}"
EndProject
Project("{2150E333-8FDC-42A3-9474-1A3956D46DE8}") = "02_008_DelegateLambda", "02_008_DelegateLambda", "{1B3C8083-B151-4E87-ABE9-C67037ED2037}"
EndProject
Project("{FAE04EC0-301F-11D3-BF4B-00C04F79EFBC}") = "ConsoleTestOther", "ConsoleTestOther\ConsoleTestOther.csproj", "{DEF51106-35D9-4B07-8FF8-6D7FA2917D33}"
EndProject
Project("{FAE04EC0-301F-11D3-BF4B-00C04F79EFBC}") = "Task_2", "Task_2\Task_2.csproj", "{C6EBEF00-9DE0-4D8D-A6AC-1A8AAA03288F}"
EndProject
Project("{FAE04EC0-301F-11D3-BF4B-00C04F79EFBC}") = "Task_3", "Task_3\Task_3.csproj", "{6F5AD16E-C718-44AD-8EEE-785B0C816783}"
EndProject
Project("{FAE04EC0-301F-11D3-BF4B-00C04F79EFBC}") = "Task_4", "Task_4\Task_4.csproj", "{03689818-06C2-4FAE-8392-C93CF209556F}"
EndProject
Project("{FAE04EC0-301F-11D3-BF4B-00C04F79EFBC}") = "ClassWork03022020", "03022020\ClassWork03022020.csproj", "{5585955B-279B-4ABB-9188-DA56239EE287}"
EndProject
Project("{FAE04EC0-301F-11D3-BF4B-00C04F79EFBC}") = "Task_3_MasObj", "Task_3_MasObj\Task_3_MasObj.csproj", "{2729EBEA-0494-4238-899B-4A49F467760B}"
EndProject
Project("{FAE04EC0-301F-11D3-BF4B-00C04F79EFBC}") = "Task_4_StatMet_IntMas", "Task_4_StatMet_IntMas\Task_4_StatMet_IntMas.csproj", "{B294861D-0120-4DEF-96B4-0AE967B8B7B4}"
EndProject
Project("{FAE04EC0-301F-11D3-BF4B-00C04F79EFBC}") = "Task_5_Lambda_Number3", "Task_5_Lambda_Number3\Task_5_Lambda_Number3.csproj", "{2CEB6A52-65CA-4422-A822-BC51A0DD36EE}"
EndProject
Project("{FAE04EC0-301F-11D3-BF4B-00C04F79EFBC}") = "ClassWork05022020_Generics", "ClassWork05022020_Generics\ClassWork05022020_Generics.csproj", "{4D3E95BC-C3E5-4184-965B-4213C7B4C548}"
EndProject
Project("{2150E333-8FDC-42A3-9474-1A3956D46DE8}") = "Serialization_Example", "Serialization_Example", "{D9ABFE3A-67DE-468B-B484-3BA39ED6440F}"
EndProject
Project("{FAE04EC0-301F-11D3-BF4B-00C04F79EFBC}") = "001_Student_Bin", "001_Student\001_Student_Bin.csproj", "{227F78FD-93D0-4F88-8573-1CCD5AAF3783}"
EndProject
Project("{FAE04EC0-301F-11D3-BF4B-00C04F79EFBC}") = "002_Soap", "ConsoleApp2\002_Soap.csproj", "{161C084A-3ED1-4A4E-A38B-D956B1E46CA1}"
EndProject
Project("{FAE04EC0-301F-11D3-BF4B-00C04F79EFBC}") = "003_xml", "003_xml\003_xml.csproj", "{7D45D27B-E3D2-4619-8205-EAD84F7EE991}"
EndProject
Project("{FAE04EC0-301F-11D3-BF4B-00C04F79EFBC}") = "004_Json", "004_Json\004_Json.csproj", "{BD04BAD3-C082-443C-8626-B22B0F52A66B}"
EndProject
Project("{FAE04EC0-301F-11D3-BF4B-00C04F79EFBC}") = "ClassWork10022020_Event", "ClassWork10022020_Event\ClassWork10022020_Event.csproj", "{2B9F3DED-235E-4114-99CA-43232963CF6A}"
EndProject
Project("{FAE04EC0-301F-11D3-BF4B-00C04F79EFBC}") = "MVP", "MVP\MVP.csproj", "{E64EB497-7AE1-4130-904E-2A0714FD6234}"
EndProject
Project("{FAE04EC0-301F-11D3-BF4B-00C04F79EFBC}") = "02_008_HomeTask_Event_Account", "02_008_HomeTask_Event_Tamagotchi\02_008_HomeTask_Event_Account.csproj", "{4F93B8D7-E3A7-4554-AA19-5D5A9D281C4D}"
EndProject
Project("{FAE04EC0-301F-11D3-BF4B-00C04F79EFBC}") = "02_009_HomeTask_Event", "02_009_HomeTask_Event\02_009_HomeTask_Event.csproj", "{2C634A21-D7FE-431F-B17F-E7CC7EBA95E8}"
EndProject
Project("{2150E333-8FDC-42A3-9474-1A3956D46DE8}") = "Delegate_Example", "Delegate_Example", "{BF7A66D0-98F7-4378-95E8-E21B8FC95B85}"
EndProject
Project("{FAE04EC0-301F-11D3-BF4B-00C04F79EFBC}") = "01_Delegate", "01_Delegate\01_Delegate.csproj", "{6D9717DD-DCC6-4A59-A720-BD7D2252D042}"
EndProject
Project("{FAE04EC0-301F-11D3-BF4B-00C04F79EFBC}") = "02_008_HomeTask_Event_Tamagotchi", "02_008_HomeTask_Event_Tamagotchi\02_008_HomeTask_Event_Tamagotchi.csproj", "{3EE84B3F-8955-4EA8-A7C5-2FECED964256}"
EndProject
Project("{FAE04EC0-301F-11D3-BF4B-00C04F79EFBC}") = "ClassWork12022020_Thread", "ClassWork12022020\ClassWork12022020_Thread.csproj", "{DC7F08E2-F89A-47D6-9384-2092EAD7C131}"
EndProject
Project("{2150E333-8FDC-42A3-9474-1A3956D46DE8}") = "Thread_Example", "Thread_Example", "{1489F5D8-3D9F-48DE-8ABA-1D0AD0B75318}"
EndProject
Project("{FAE04EC0-301F-11D3-BF4B-00C04F79EFBC}") = "MyThreadWalkthroughApp", "MyThreadWalkthroughApp\MyThreadWalkthroughApp.csproj", "{5B221957-1998-4EAD-9116-5400127E08FF}"
EndProject
Project("{FAE04EC0-301F-11D3-BF4B-00C04F79EFBC}") = "Thread_Recursion", "Thread_Recursion\Thread_Recursion.csproj", "{ABD5F744-4F0B-4854-B09C-AB9FD0EB437B}"
EndProject
Project("{FAE04EC0-301F-11D3-BF4B-00C04F79EFBC}") = "Thread_Chain", "Thread_Chain\Thread_Chain.csproj", "{A6B0BB4E-CA1C-4441-911E-D05FE70007C6}"
EndProject
Project("{FAE04EC0-301F-11D3-BF4B-00C04F79EFBC}") = "Thread_Recursion_2", "Thread_Recursion_2\Thread_Recursion_2.csproj", "{7A1DEC86-CAAD-4ADF-B432-7462F10FC07F}"
EndProject
Project("{FAE04EC0-301F-11D3-BF4B-00C04F79EFBC}") = "Thread_Chain_Double", "Thread_Chain_Double\Thread_Chain_Double.csproj", "{6BEF3AFC-DED2-4B85-9665-1D0BFE262C56}"
EndProject
Project("{FAE04EC0-301F-11D3-BF4B-00C04F79EFBC}") = "02_010_HomeTask_List_Exeptions", "02_010_HomeTask_List_Exeptions\02_010_HomeTask_List_Exeptions.csproj", "{0D6CD852-9616-4433-8994-97E640B01769}"
EndProject
Project("{FAE04EC0-301F-11D3-BF4B-00C04F79EFBC}") = "ClassWork14022020_Yield", "ClassWork14022020_Yield\ClassWork14022020_Yield.csproj", "{9340F536-EA4F-4CD0-9D75-7811318C8F44}"
EndProject
Project("{FAE04EC0-301F-11D3-BF4B-00C04F79EFBC}") = "02_011_HomeTask_Overload_LINQ", "02_011_HomeTask_Overload_LINQ\02_011_HomeTask_Overload_LINQ.csproj", "{8391D6B7-3B11-46EE-A340-96FD794E2732}"
EndProject
Project("{FAE04EC0-301F-11D3-BF4B-00C04F79EFBC}") = "ClassWork17022020_LINQ", "ClassWork17022020_LINQ\ClassWork17022020_LINQ.csproj", "{1343D542-3072-498F-9A05-D7C0E447BD48}"
EndProject
Project("{2150E333-8FDC-42A3-9474-1A3956D46DE8}") = "WorkWithFilles", "WorkWithFilles", "{CE038120-D39B-4996-AB69-F2DF4D4F57CF}"
EndProject
Project("{2150E333-8FDC-42A3-9474-1A3956D46DE8}") = "FileStream_Example", "FileStream_Example", "{85FE4651-8CC3-46D5-AE24-F485E2BA754F}"
EndProject
Project("{2150E333-8FDC-42A3-9474-1A3956D46DE8}") = "StreamWriter_Example", "StreamWriter_Example", "{9B1339E5-27DE-4CAB-B4BE-4CF542E16047}"
EndProject
Project("{FAE04EC0-301F-11D3-BF4B-00C04F79EFBC}") = "StreamWriter_Example", "StreamWriter_Example\StreamWriter_Example.csproj", "{205B5346-FA97-4156-828E-FD050A5A7222}"
EndProject
Project("{FAE04EC0-301F-11D3-BF4B-00C04F79EFBC}") = "FileStream_Example", "FileStream_Example\FileStream_Example.csproj", "{A81AFE16-CADC-41D0-909F-4CACC1B794C9}"
EndProject
Project("{2150E333-8FDC-42A3-9474-1A3956D46DE8}") = "AsyngInput_Example", "AsyngInput_Example", "{928E21FB-496C-4D81-AD4B-94CBCF97C779}"
EndProject
Project("{FAE04EC0-301F-11D3-BF4B-00C04F79EFBC}") = "AsyncInput_Example", "AsyncInput_Example\AsyncInput_Example.csproj", "{99F9322F-DC13-4C24-80AB-FC9EC1B7E519}"
EndProject
Project("{FAE04EC0-301F-11D3-BF4B-00C04F79EFBC}") = "StreamWriter_ThreadSymbol", "StreamWriter_ThreadSymbol\StreamWriter_ThreadSymbol.csproj", "{7BFCEB9A-53A5-42C4-A9D4-3C7FC130B80A}"
EndProject
Project("{FAE04EC0-301F-11D3-BF4B-00C04F79EFBC}") = "StreamReader_Example", "StreamReader_Example\StreamReader_Example.csproj", "{E6A113A4-8CAA-4D93-AE94-E4472D71E43D}"
EndProject
Project("{FAE04EC0-301F-11D3-BF4B-00C04F79EFBC}") = "StreamReader_LineByLine", "StreamReader_LineByLine\StreamReader_LineByLine.csproj", "{39C08D55-422F-40D6-8C2A-7BC9374B392B}"
EndProject
Project("{2150E333-8FDC-42A3-9474-1A3956D46DE8}") = "LINQ", "LINQ", "{0E77BC08-9AE6-465C-B518-DA038584FA83}"
EndProject
Project("{FAE04EC0-301F-11D3-BF4B-00C04F79EFBC}") = "SimplLINQ_Example", "SimplLINQ_Example\SimplLINQ_Example.csproj", "{7B905DF2-7FB1-499A-952E-FB39C0AA3E17}"
EndProject
Project("{2150E333-8FDC-42A3-9474-1A3956D46DE8}") = "NameSpase_Example", "NameSpase_Example", "{8EE4BDE9-6F7B-47CD-853A-BCA77CBE956F}"
EndProject
Project("{FAE04EC0-301F-11D3-BF4B-00C04F79EFBC}") = "Counter", "Counter\Counter.csproj", "{FE97D862-4B06-4167-BAFE-782FB76F604E}"
EndProject
Project("{FAE04EC0-301F-11D3-BF4B-00C04F79EFBC}") = "ClassWork19022020_DLL", "ClassWork19022020_DLL\ClassWork19022020_DLL.csproj", "{2BE5126E-4CEC-45BC-9B09-65A078D3F3F3}"
EndProject
Project("{2150E333-8FDC-42A3-9474-1A3956D46DE8}") = "ClassWork19022020_DLL_Student", "ClassWork19022020_DLL_Student", "{2268940D-8EFB-4DE8-A964-A6C7A38A5C6D}"
EndProject
Project("{FAE04EC0-301F-11D3-BF4B-00C04F79EFBC}") = "StudentLibrary", "StudentLibrary\StudentLibrary.csproj", "{B2A89C2E-9F47-4B59-A763-7D730DB93DF9}"
EndProject
Project("{FAE04EC0-301F-11D3-BF4B-00C04F79EFBC}") = "StudentLibrary_Console", "StudentLibrary_Console\StudentLibrary_Console.csproj", "{59B1DA19-CFCD-414B-9E92-62BB51274114}"
EndProject
Project("{2150E333-8FDC-42A3-9474-1A3956D46DE8}") = "Car", "Car", "{795EA075-CBC3-4D6C-918C-69CC5B69B49C}"
EndProject
Project("{FAE04EC0-301F-11D3-BF4B-00C04F79EFBC}") = "Cars", "Cars\Cars.csproj", "{92EAD0F1-25EB-46F4-99F9-B1A24EAAD7BE}"
EndProject
Project("{FAE04EC0-301F-11D3-BF4B-00C04F79EFBC}") = "WpfApp1", "WpfApp1\WpfApp1.csproj", "{F30628BE-0F90-4B6B-9818-918F41B99FB8}"
EndProject
Project("{FAE04EC0-301F-11D3-BF4B-00C04F79EFBC}") = "CarRaling", "CarRaling\CarRaling.csproj", "{83D39ADC-E086-41EB-8F64-EB28C67D6525}"
EndProject
Project("{2150E333-8FDC-42A3-9474-1A3956D46DE8}") = "CarRalign_WPF", "CarRalign_WPF", "{E20136CB-883C-4B3C-9487-D2B94ABF68B9}"
EndProject
Project("{FAE04EC0-301F-11D3-BF4B-00C04F79EFBC}") = "CarRaling_WPF", "CarRaling_WPF\CarRaling_WPF.csproj", "{FF74D7A1-4638-4AC6-A16C-B227C0BE346C}"
EndProject
Project("{FAE04EC0-301F-11D3-BF4B-00C04F79EFBC}") = "ClassLibraryCar", "ClassLibraryCar\ClassLibraryCar.csproj", "{0B90402C-8A8C-496D-8173-32D6032ED99B}"
EndProject
Project("{FAE04EC0-301F-11D3-BF4B-00C04F79EFBC}") = "ClassWork21022020_Iterator", "ClassWork_21022020_Iterator\ClassWork21022020_Iterator.csproj", "{105F7182-AB72-4563-BDEC-F79B7CBC56AD}"
EndProject
Project("{FAE04EC0-301F-11D3-BF4B-00C04F79EFBC}") = "ClassWork21022020_UserCollection", "ClassWork21022020_UserCollection\ClassWork21022020_UserCollection.csproj", "{67A68B2D-5511-40BE-8315-6324BD7D9B43}"
EndProject
Project("{FAE04EC0-301F-11D3-BF4B-00C04F79EFBC}") = "ClassWork21022020_ICollection_T", "ClassWork21022020_ICollection_T\ClassWork21022020_ICollection_T.csproj", "{D986B4DB-626B-4BA6-83BD-AA03F2DAF8FC}"
EndProject
Project("{FAE04EC0-301F-11D3-BF4B-00C04F79EFBC}") = "ClassWork21022020_IList", "ClassWork21022020_IList\ClassWork21022020_IList.csproj", "{7F523C44-1679-4828-94D1-F8A057DE303E}"
EndProject
Project("{2150E333-8FDC-42A3-9474-1A3956D46DE8}") = "003_HW", "003_HW", "{A0498ADD-2E61-4D3E-89DD-162595C90E33}"
EndProject
Project("{FAE04EC0-301F-11D3-BF4B-00C04F79EFBC}") = "03_001_HomeWork_Collections_Iterator", "03_001_HomeWork_Collections_Iterator\03_001_HomeWork_Collections_Iterator.csproj", "{A6E8FFF7-D981-43D7-85C6-D92F8E76D3F7}"
EndProject
Project("{2150E333-8FDC-42A3-9474-1A3956D46DE8}") = "03_002_HomeWork_List_Goblinu_Balls", "03_002_HomeWork_List_Goblinu_Balls", "{C31FFCAB-E852-4A1A-A5E8-BC4EF6B394A1}"
EndProject
Project("{FAE04EC0-301F-11D3-BF4B-00C04F79EFBC}") = "Task_01_LinkedList", "Task_01_LinkedList\Task_01_LinkedList.csproj", "{0998496C-07A2-407C-A70E-69484B3734D8}"
EndProject
Project("{FAE04EC0-301F-11D3-BF4B-00C04F79EFBC}") = "Task_02_Queue", "Task_02_Queue\Task_02_Queue.csproj", "{A67BF43E-CDA6-49BA-BC76-415A2988B624}"
EndProject
Project("{FAE04EC0-301F-11D3-BF4B-00C04F79EFBC}") = "Task_03_Stask", "Task_03_Stask\Task_03_Stask.csproj", "{C9EA5ACE-2D50-4414-A2A3-9923A8088417}"
EndProject
Project("{FAE04EC0-301F-11D3-BF4B-00C04F79EFBC}") = "Task_04_Balls", "Task_04_Balls\Task_04_Balls.csproj", "{0E221169-1F07-416E-9DAA-F53498E477D9}"
EndProject
Project("{FAE04EC0-301F-11D3-BF4B-00C04F79EFBC}") = "ClassWork24022020_Stack_PolskayNode", "ClassWork24022020_Stack_PolskayNode\ClassWork24022020_Stack_PolskayNode.csproj", "{B5154022-4F15-4C9C-93DE-EECDF197AE03}"
EndProject
Project("{FAE04EC0-301F-11D3-BF4B-00C04F79EFBC}") = "ClassWork24022020_ObservableCollection", "ClassWork24022020_ObservableCollection\ClassWork24022020_ObservableCollection.csproj", "{6B0D2242-542C-4EAB-A33D-DE81F9A30094}"
EndProject
Project("{2150E333-8FDC-42A3-9474-1A3956D46DE8}") = "03_003_HomeWork_Semaphore", "03_003_HomeWork_Semaphore", "{107D559B-DB31-44E4-90B9-402F4CE633BC}"
EndProject
Project("{FAE04EC0-301F-11D3-BF4B-00C04F79EFBC}") = "Semaphore_Console", "Semafor_Console\Semaphore_Console.csproj", "{F91BA849-7C97-4831-AACA-9D57C2C4A72D}"
EndProject
Project("{FAE04EC0-301F-11D3-BF4B-00C04F79EFBC}") = "Semaphore_WPF", "Semaphore_WPF\Semaphore_WPF.csproj", "{C90A2025-99A1-40D5-B1E2-B846775962F1}"
EndProject
Project("{FAE04EC0-301F-11D3-BF4B-00C04F79EFBC}") = "ClassWork26022020_Singronezed", "ClassWork26022020_Singronezed\ClassWork26022020_Singronezed.csproj", "{0AA7ED17-AA03-45C8-9424-9517C0290425}"
EndProject
Project("{FAE04EC0-301F-11D3-BF4B-00C04F79EFBC}") = "ClassWork26022020_Monitor", "ClassWork26022020_Monitor\ClassWork26022020_Monitor.csproj", "{87DE27E1-7B94-492C-A00E-AEFF32ED3FD0}"
EndProject
Project("{FAE04EC0-301F-11D3-BF4B-00C04F79EFBC}") = "ClassWork26022020_Multithreaded_Processing", "ClassWork26022020_Multithreaded_Processing\ClassWork26022020_Multithreaded_Processing.csproj", "{B5A28685-70BB-4C3A-8CA3-FA9C5CC5B0C6}"
EndProject
Project("{FAE04EC0-301F-11D3-BF4B-00C04F79EFBC}") = "ClassWork26022020_Mutex", "ClassWork26022020_Mutex\ClassWork26022020_Mutex.csproj", "{3394422B-9F7C-4F09-A3F8-3D195E67C823}"
EndProject
Project("{FAE04EC0-301F-11D3-BF4B-00C04F79EFBC}") = "ClassWork26022020_Semaphore_Read", "ClassWork26022020_Semaphore_Read\ClassWork26022020_Semaphore_Read.csproj", "{04B594F3-676A-4B8D-A2E8-22189895C74F}"
EndProject
Project("{FAE04EC0-301F-11D3-BF4B-00C04F79EFBC}") = "ClassWork27022020_ManualResetEvent", "ClassWork27022020_ManualResetEvent\ClassWork27022020_ManualResetEvent.csproj", "{53ED7A2E-E1BE-41A4-B7F2-B4D606ED94DF}"
EndProject
Project("{FAE04EC0-301F-11D3-BF4B-00C04F79EFBC}") = "ClassWork28022020_AsyncAwait_CountComma", "ClassWork28022020_AsyncAwait\ClassWork28022020_AsyncAwait_CountComma.csproj", "{D2CD3950-2CA7-4B50-A08F-03A5D72EA1A6}"
EndProject
Project("{FAE04EC0-301F-11D3-BF4B-00C04F79EFBC}") = "ClassWork28022020_AsyncAwait_ReadWrittenFile", "ClassWork28022020_AsyncAwait_ReadWrittenFile\ClassWork28022020_AsyncAwait_ReadWrittenFile.csproj", "{07B54B3F-EA82-4844-931B-667211B05AEB}"
EndProject
Project("{FAE04EC0-301F-11D3-BF4B-00C04F79EFBC}") = "ClassWork28022020_Tasks", "ClassWork28022020_Tasks\ClassWork28022020_Tasks.csproj", "{2363B00E-6610-4C9C-B7E6-08A200CAA987}"
EndProject
Project("{FAE04EC0-301F-11D3-BF4B-00C04F79EFBC}") = "TestWrittenRead", "TestWrittenRead\TestWrittenRead.csproj", "{DABCDDE2-E9AB-4F9B-A67A-93501706DB16}"
EndProject
Project("{2150E333-8FDC-42A3-9474-1A3956D46DE8}") = "SimpleClasses", "SimpleClasses", "{71252293-D6D4-46A1-9973-4B8EF14C190F}"
EndProject
Project("{FAE04EC0-301F-11D3-BF4B-00C04F79EFBC}") = "CounterDecimal", "CounterDecimal\CounterDecimal.csproj", "{8021CD92-61D3-420E-8C24-BA34E73AE02A}"
EndProject
Project("{FAE04EC0-301F-11D3-BF4B-00C04F79EFBC}") = "Triangle", "Triangle\Triangle.csproj", "{7E18E043-DF9A-4E8F-899B-3545270AC12E}"
EndProject
Project("{2150E333-8FDC-42A3-9474-1A3956D46DE8}") = "WorksString", "WorksString", "{B5E4BA73-024F-474F-86CE-9281D81E31EB}"
EndProject
Project("{FAE04EC0-301F-11D3-BF4B-00C04F79EFBC}") = "WrittenFileThreeString", "WrittenFileThreeString\WrittenFileThreeString.csproj", "{AFE36709-71CB-434B-9B18-210A82DBF7F2}"
EndProject
Project("{2150E333-8FDC-42A3-9474-1A3956D46DE8}") = "004_005_HW", "004_005_HW", "{C285376D-07A3-4618-83FD-957C8FABE434}"
EndProject
Project("{2150E333-8FDC-42A3-9474-1A3956D46DE8}") = "04_001_Patterns", "04_001_Patterns", "{6F297C84-CA49-4409-B541-A8DF115D057E}"
EndProject
Project("{2150E333-8FDC-42A3-9474-1A3956D46DE8}") = "MyAbstractFactory", "MyAbstractFactory", "{06736ED6-988B-4427-BB9B-D124CB688B42}"
EndProject
Project("{FAE04EC0-301F-11D3-BF4B-00C04F79EFBC}") = "MyAbstractFactory", "MyAbstractFactory\MyAbstractFactory.csproj", "{E8EB6575-03B8-47E1-88DC-1B65DAEC8A3A}"
EndProject
Project("{2150E333-8FDC-42A3-9474-1A3956D46DE8}") = "IPcConfigure", "IPcConfigure", "{23F5C0DD-C86C-4A81-B145-8BB7BA6C96A3}"
EndProject
Project("{FAE04EC0-301F-11D3-BF4B-00C04F79EFBC}") = "IPcConfigure", "IPcConfigure\IPcConfigure.csproj", "{D6E7E758-347C-4E51-91E6-045E96142CD7}"
EndProject
Project("{2150E333-8FDC-42A3-9474-1A3956D46DE8}") = "MyBuilderHW", "MyBuilderHW", "{DA52FA74-DFA7-40DF-8640-C7E8BAE4217E}"
EndProject
Project("{FAE04EC0-301F-11D3-BF4B-00C04F79EFBC}") = "MyBuilderHW", "MyBuilderHW\MyBuilderHW.csproj", "{7E3878AF-F6F4-44AA-BFD6-F4C491203174}"
EndProject
Project("{2150E333-8FDC-42A3-9474-1A3956D46DE8}") = "MyFactoryMethod_HW", "MyFactoryMethod_HW", "{EA44CB43-7DAC-4148-B277-00BE4A9597EA}"
EndProject
Project("{FAE04EC0-301F-11D3-BF4B-00C04F79EFBC}") = "MyFactoryMethod_HW", "MyFactoryMethod_HW\MyFactoryMethod_HW.csproj", "{3B81176E-82ED-43AB-946E-DD7B5DC421DB}"
EndProject
Project("{2150E333-8FDC-42A3-9474-1A3956D46DE8}") = "04_002_StuctPatterns", "04_002_StuctPatterns", "{5C36E9F5-D5B0-42BD-B559-300C9EFC2FAA}"
EndProject
Project("{2150E333-8FDC-42A3-9474-1A3956D46DE8}") = "01_Adapter", "01_Adapter", "{ED8FF1B6-D6FE-4427-AF4E-753A6C44A99A}"
EndProject
Project("{FAE04EC0-301F-11D3-BF4B-00C04F79EFBC}") = "AdapterPointLine", "AdapterPointLine\AdapterPointLine.csproj", "{D3E54D25-4DBB-4E0B-BFDA-056766C7A7EA}"
EndProject
Project("{2150E333-8FDC-42A3-9474-1A3956D46DE8}") = "02_Decorator", "02_Decorator", "{85E1D111-EBDC-4797-A41C-4DFEBB78AE0D}"
EndProject
Project("{FAE04EC0-301F-11D3-BF4B-00C04F79EFBC}") = "DecoratorCoffee", "DecoratorCoffee\DecoratorCoffee.csproj", "{F0AE5421-B527-4074-AA29-FB5422C0A323}"
EndProject
Project("{2150E333-8FDC-42A3-9474-1A3956D46DE8}") = "03_Facade", "03_Facade", "{E637B166-047F-4E64-904E-1B10092C679B}"
EndProject
Project("{FAE04EC0-301F-11D3-BF4B-00C04F79EFBC}") = "FacadeHomeTheater", "FacadeHomeTheater\FacadeHomeTheater.csproj", "{10D9DBF7-ADB0-44A8-9E7F-38E66822D1BD}"
EndProject
Project("{2150E333-8FDC-42A3-9474-1A3956D46DE8}") = "04_003_BehavPatterns", "04_003_BehavPatterns", "{9F86610B-691B-4089-AC26-5415AD429301}"
EndProject
Project("{FAE04EC0-301F-11D3-BF4B-00C04F79EFBC}") = "MyMediatorSmartHome", "MyMediator\MyMediatorSmartHome.csproj", "{E5DB459B-426B-4174-A445-121DE3525D45}"
EndProject
Project("{FAE04EC0-301F-11D3-BF4B-00C04F79EFBC}") = "MyStateVendorMachine", "MyState\MyStateVendorMachine.csproj", "{10AB7092-44E6-461A-9573-9550760EC8AA}"
EndProject
Project("{FAE04EC0-301F-11D3-BF4B-00C04F79EFBC}") = "MyTemplateMethodCookingRiceBuckwheat", "MyTemplateMethodCookingRiceBuckwheat\MyTemplateMethodCookingRiceBuckwheat.csproj", "{2D312D12-17FA-41C8-A3C9-E89CE30CD681}"
EndProject
Project("{2150E333-8FDC-42A3-9474-1A3956D46DE8}") = "04_004_TextEditor_WPF", "04_004_TextEditor_WPF", "{5A284094-B5F5-42B1-924B-B9C2043A432F}"
EndProject
Project("{FAE04EC0-301F-11D3-BF4B-00C04F79EFBC}") = "TextEditor_WPF", "TextEditor_WPF\TextEditor_WPF.csproj", "{4916DCAA-A3F9-4DF7-B39E-2FB4BA8C11B7}"
EndProject
Project("{FAE04EC0-301F-11D3-BF4B-00C04F79EFBC}") = "ClassWork11032020_MVC_WPF", "ClassWork_MVC_WPF\ClassWork11032020_MVC_WPF.csproj", "{FBC77918-7657-444F-AAFC-D23492764BC9}"
EndProject
Project("{FAE04EC0-301F-11D3-BF4B-00C04F79EFBC}") = "ClassWork11032020_Refactoring", "ClassWork11032020_Refactoring\ClassWork11032020_Refactoring.csproj", "{855C79B0-F74A-4FD9-9C56-A8208AC6FD68}"
EndProject
Project("{2150E333-8FDC-42A3-9474-1A3956D46DE8}") = "04_005_SimpleLinkedlistQueueStack", "04_005_SimpleLinkedlistQueueStack", "{A1DC0DC2-1A29-46F3-9AE1-94C363BA139A}"
EndProject
Project("{FAE04EC0-301F-11D3-BF4B-00C04F79EFBC}") = "01_SimpleList", "SimpleList\01_SimpleList.csproj", "{6E984C09-ADF8-40CF-B4E4-E40293759D6E}"
EndProject
Project("{FAE04EC0-301F-11D3-BF4B-00C04F79EFBC}") = "02_LinkedList", "LinkedList\02_LinkedList.csproj", "{BBFAB9D3-986C-41AF-B42E-5DEF43FFC71A}"
EndProject
Project("{FAE04EC0-301F-11D3-BF4B-00C04F79EFBC}") = "03_ArrayBasedStack", "ArrayBasedStack\03_ArrayBasedStack.csproj", "{AE92A7D9-7AA3-41CB-9A2A-98620908D122}"
EndProject
Project("{FAE04EC0-301F-11D3-BF4B-00C04F79EFBC}") = "04_ListBasedQueue", "ListBasedQueue\04_ListBasedQueue.csproj", "{9337B7AE-C114-4A47-8433-4D6B6C95E5D8}"
EndProject
Project("{FAE04EC0-301F-11D3-BF4B-00C04F79EFBC}") = "011_SimpleListGeneric", "011_SimpleListGeneric\011_SimpleListGeneric.csproj", "{7F124F17-88E6-4E35-8078-2C92685DE992}"
EndProject
Project("{FAE04EC0-301F-11D3-BF4B-00C04F79EFBC}") = "0111_SimpleListFullMenthod", "0111_SimpleListFullMenthod\0111_SimpleListFullMenthod.csproj", "{B68DB2B3-355A-4C34-9048-E2ED5BC40884}"
EndProject
Project("{FAE04EC0-301F-11D3-BF4B-00C04F79EFBC}") = "ClassWork13032020_MethodKramera", "ClassWork13032020_MethodKramera\ClassWork13032020_MethodKramera.csproj", "{08B5E0CB-F05B-4624-8CA0-B4FD8F4DFB2E}"
EndProject
Project("{2150E333-8FDC-42A3-9474-1A3956D46DE8}") = "04_006_TreeBinaryTDD", "04_006_TreeBinaryTDD", "{79836ADC-575D-444F-ABB8-6F6ECEAE8A87}"
EndProject
Project("{FAE04EC0-301F-11D3-BF4B-00C04F79EFBC}") = "01_BTree_TDD", "01_BTree_TDD\01_BTree_TDD.csproj", "{1E8809EC-E972-4266-B98E-E03072BFB1A6}"
EndProject
Project("{FAE04EC0-301F-11D3-BF4B-00C04F79EFBC}") = "VisualTreeNodeString", "VisualTreeNode\VisualTreeNodeString.csproj", "{DDD6B227-849F-41A0-AC20-5A9B12E1BDA6}"
EndProject
Project("{FAE04EC0-301F-11D3-BF4B-00C04F79EFBC}") = "AVLTreeNode", "AVLTreeNode\AVLTreeNode.csproj", "{1519D639-8343-44D8-B56B-87C35C6E74D4}"
EndProject
Project("{FAE04EC0-301F-11D3-BF4B-00C04F79EFBC}") = "BTree", "SimpleTree\BTree.csproj", "{72A5B22E-A810-4E1A-8B05-D7AB17069BDF}"
EndProject
Project("{FAE04EC0-301F-11D3-BF4B-00C04F79EFBC}") = "ClassWork16032020_Tree", "ClassWork16032020_Tree\ClassWork16032020_Tree.csproj", "{E889CE74-8085-4ADB-8C5D-F5736F47F71C}"
EndProject
Project("{FAE04EC0-301F-11D3-BF4B-00C04F79EFBC}") = "ClassWork18032020_AVLTree", "ClassWork18032020_AVLTree\ClassWork18032020_AVLTree.csproj", "{AC4F8D35-C1DE-4369-957D-23B8E33F516C}"
EndProject
Project("{FAE04EC0-301F-11D3-BF4B-00C04F79EFBC}") = "02_BTree_FreqDictionary", "02_BTree_FreqDictionary\02_BTree_FreqDictionary.csproj", "{DF88EAA5-6D48-47B8-A4DA-0151D8E86134}"
EndProject
Project("{2150E333-8FDC-42A3-9474-1A3956D46DE8}") = "006_HW", "006_HW", "{A127DC97-4FAE-4FEC-9407-45FED43F7269}"
EndProject
Project("{2150E333-8FDC-42A3-9474-1A3956D46DE8}") = "01_SQL", "01_SQL", "{3B6FE905-44E0-491D-B69A-C75583F2C34A}"
EndProject
Project("{2150E333-8FDC-42A3-9474-1A3956D46DE8}") = "Other", "Other", "{98A7BC53-FEB4-41CC-9AE6-28D40847CAE5}"
EndProject
Project("{FAE04EC0-301F-11D3-BF4B-00C04F79EFBC}") = "UIMessSingIn", "UIMessSingIn\UIMessSingIn.csproj", "{F9078FB1-AAFB-47B0-A0FF-D9D7A2E27965}"
EndProject
Project("{FAE04EC0-301F-11D3-BF4B-00C04F79EFBC}") = "AdoNetLibrary", "AdoNetLibrary\AdoNetLibrary.csproj", "{3956D1A7-AB41-4128-9B39-ED27EC01807D}"
EndProject
Project("{FAE04EC0-301F-11D3-BF4B-00C04F79EFBC}") = "Userdb_ADO", "Userdb_ADO\Userdb_ADO.csproj", "{9FD4F9E6-2974-47AE-A88A-918417C059A0}"
EndProject
Global
	GlobalSection(SolutionConfigurationPlatforms) = preSolution
		Debug|Any CPU = Debug|Any CPU
		Release|Any CPU = Release|Any CPU
	EndGlobalSection
	GlobalSection(ProjectConfigurationPlatforms) = postSolution
		{65B2D9AB-EEF9-4246-9F99-DF141937F89A}.Debug|Any CPU.ActiveCfg = Debug|Any CPU
		{65B2D9AB-EEF9-4246-9F99-DF141937F89A}.Debug|Any CPU.Build.0 = Debug|Any CPU
		{65B2D9AB-EEF9-4246-9F99-DF141937F89A}.Release|Any CPU.ActiveCfg = Release|Any CPU
		{65B2D9AB-EEF9-4246-9F99-DF141937F89A}.Release|Any CPU.Build.0 = Release|Any CPU
		{AD463452-6AC7-4955-B9E0-605A156BA12D}.Debug|Any CPU.ActiveCfg = Debug|Any CPU
		{AD463452-6AC7-4955-B9E0-605A156BA12D}.Debug|Any CPU.Build.0 = Debug|Any CPU
		{AD463452-6AC7-4955-B9E0-605A156BA12D}.Release|Any CPU.ActiveCfg = Release|Any CPU
		{AD463452-6AC7-4955-B9E0-605A156BA12D}.Release|Any CPU.Build.0 = Release|Any CPU
		{D77CB1B5-D1DA-4D41-A562-7A0CD81E9B98}.Debug|Any CPU.ActiveCfg = Debug|Any CPU
		{D77CB1B5-D1DA-4D41-A562-7A0CD81E9B98}.Debug|Any CPU.Build.0 = Debug|Any CPU
		{D77CB1B5-D1DA-4D41-A562-7A0CD81E9B98}.Release|Any CPU.ActiveCfg = Release|Any CPU
		{D77CB1B5-D1DA-4D41-A562-7A0CD81E9B98}.Release|Any CPU.Build.0 = Release|Any CPU
		{20CDD4A0-290B-4906-A559-F9ED93E81BAD}.Debug|Any CPU.ActiveCfg = Debug|Any CPU
		{20CDD4A0-290B-4906-A559-F9ED93E81BAD}.Debug|Any CPU.Build.0 = Debug|Any CPU
		{20CDD4A0-290B-4906-A559-F9ED93E81BAD}.Release|Any CPU.ActiveCfg = Release|Any CPU
		{20CDD4A0-290B-4906-A559-F9ED93E81BAD}.Release|Any CPU.Build.0 = Release|Any CPU
		{660D6F65-D0ED-4DC1-BD0A-83C94A58AE8C}.Debug|Any CPU.ActiveCfg = Debug|Any CPU
		{660D6F65-D0ED-4DC1-BD0A-83C94A58AE8C}.Debug|Any CPU.Build.0 = Debug|Any CPU
		{660D6F65-D0ED-4DC1-BD0A-83C94A58AE8C}.Release|Any CPU.ActiveCfg = Release|Any CPU
		{660D6F65-D0ED-4DC1-BD0A-83C94A58AE8C}.Release|Any CPU.Build.0 = Release|Any CPU
		{0AC9DA63-3C52-45E4-9EC6-31060FB29BA5}.Debug|Any CPU.ActiveCfg = Debug|Any CPU
		{0AC9DA63-3C52-45E4-9EC6-31060FB29BA5}.Debug|Any CPU.Build.0 = Debug|Any CPU
		{0AC9DA63-3C52-45E4-9EC6-31060FB29BA5}.Release|Any CPU.ActiveCfg = Release|Any CPU
		{0AC9DA63-3C52-45E4-9EC6-31060FB29BA5}.Release|Any CPU.Build.0 = Release|Any CPU
		{949BBFF3-C37B-405A-B453-3F0AB2E75F26}.Debug|Any CPU.ActiveCfg = Debug|Any CPU
		{949BBFF3-C37B-405A-B453-3F0AB2E75F26}.Debug|Any CPU.Build.0 = Debug|Any CPU
		{949BBFF3-C37B-405A-B453-3F0AB2E75F26}.Release|Any CPU.ActiveCfg = Release|Any CPU
		{949BBFF3-C37B-405A-B453-3F0AB2E75F26}.Release|Any CPU.Build.0 = Release|Any CPU
		{879130F4-D313-46B2-BF2B-1EBE4EBEE365}.Debug|Any CPU.ActiveCfg = Debug|Any CPU
		{879130F4-D313-46B2-BF2B-1EBE4EBEE365}.Debug|Any CPU.Build.0 = Debug|Any CPU
		{879130F4-D313-46B2-BF2B-1EBE4EBEE365}.Release|Any CPU.ActiveCfg = Release|Any CPU
		{879130F4-D313-46B2-BF2B-1EBE4EBEE365}.Release|Any CPU.Build.0 = Release|Any CPU
		{B9B07FEF-CC69-4A70-8CA4-2AE41395A450}.Debug|Any CPU.ActiveCfg = Debug|Any CPU
		{B9B07FEF-CC69-4A70-8CA4-2AE41395A450}.Debug|Any CPU.Build.0 = Debug|Any CPU
		{B9B07FEF-CC69-4A70-8CA4-2AE41395A450}.Release|Any CPU.ActiveCfg = Release|Any CPU
		{B9B07FEF-CC69-4A70-8CA4-2AE41395A450}.Release|Any CPU.Build.0 = Release|Any CPU
		{BC692E8D-8D64-43CF-A6CD-7B67FD801CD6}.Debug|Any CPU.ActiveCfg = Debug|Any CPU
		{BC692E8D-8D64-43CF-A6CD-7B67FD801CD6}.Debug|Any CPU.Build.0 = Debug|Any CPU
		{BC692E8D-8D64-43CF-A6CD-7B67FD801CD6}.Release|Any CPU.ActiveCfg = Release|Any CPU
		{BC692E8D-8D64-43CF-A6CD-7B67FD801CD6}.Release|Any CPU.Build.0 = Release|Any CPU
		{F5997AC2-C750-4433-9EB9-4AB54302A5BB}.Debug|Any CPU.ActiveCfg = Debug|Any CPU
		{F5997AC2-C750-4433-9EB9-4AB54302A5BB}.Debug|Any CPU.Build.0 = Debug|Any CPU
		{F5997AC2-C750-4433-9EB9-4AB54302A5BB}.Release|Any CPU.ActiveCfg = Release|Any CPU
		{F5997AC2-C750-4433-9EB9-4AB54302A5BB}.Release|Any CPU.Build.0 = Release|Any CPU
		{7B788B7D-8C22-403D-B61E-4ABA9D2D7EA6}.Debug|Any CPU.ActiveCfg = Debug|Any CPU
		{7B788B7D-8C22-403D-B61E-4ABA9D2D7EA6}.Debug|Any CPU.Build.0 = Debug|Any CPU
		{7B788B7D-8C22-403D-B61E-4ABA9D2D7EA6}.Release|Any CPU.ActiveCfg = Release|Any CPU
		{7B788B7D-8C22-403D-B61E-4ABA9D2D7EA6}.Release|Any CPU.Build.0 = Release|Any CPU
		{E196C274-B2B1-413C-A3FB-D43A37684AB9}.Debug|Any CPU.ActiveCfg = Debug|Any CPU
		{E196C274-B2B1-413C-A3FB-D43A37684AB9}.Debug|Any CPU.Build.0 = Debug|Any CPU
		{E196C274-B2B1-413C-A3FB-D43A37684AB9}.Release|Any CPU.ActiveCfg = Release|Any CPU
		{E196C274-B2B1-413C-A3FB-D43A37684AB9}.Release|Any CPU.Build.0 = Release|Any CPU
		{36989B63-E608-4C5B-90AE-58D7336CE437}.Debug|Any CPU.ActiveCfg = Debug|Any CPU
		{36989B63-E608-4C5B-90AE-58D7336CE437}.Debug|Any CPU.Build.0 = Debug|Any CPU
		{36989B63-E608-4C5B-90AE-58D7336CE437}.Release|Any CPU.ActiveCfg = Release|Any CPU
		{36989B63-E608-4C5B-90AE-58D7336CE437}.Release|Any CPU.Build.0 = Release|Any CPU
		{A28C2173-61EC-467D-8FF2-9105F9BCEB56}.Debug|Any CPU.ActiveCfg = Debug|Any CPU
		{A28C2173-61EC-467D-8FF2-9105F9BCEB56}.Debug|Any CPU.Build.0 = Debug|Any CPU
		{A28C2173-61EC-467D-8FF2-9105F9BCEB56}.Release|Any CPU.ActiveCfg = Release|Any CPU
		{A28C2173-61EC-467D-8FF2-9105F9BCEB56}.Release|Any CPU.Build.0 = Release|Any CPU
		{22E64C1A-E422-424B-930B-5FB660B90787}.Debug|Any CPU.ActiveCfg = Debug|Any CPU
		{22E64C1A-E422-424B-930B-5FB660B90787}.Debug|Any CPU.Build.0 = Debug|Any CPU
		{22E64C1A-E422-424B-930B-5FB660B90787}.Release|Any CPU.ActiveCfg = Release|Any CPU
		{22E64C1A-E422-424B-930B-5FB660B90787}.Release|Any CPU.Build.0 = Release|Any CPU
		{FCAE12A8-EF98-4D00-90E3-477CC2A126E6}.Debug|Any CPU.ActiveCfg = Debug|Any CPU
		{FCAE12A8-EF98-4D00-90E3-477CC2A126E6}.Debug|Any CPU.Build.0 = Debug|Any CPU
		{FCAE12A8-EF98-4D00-90E3-477CC2A126E6}.Release|Any CPU.ActiveCfg = Release|Any CPU
		{FCAE12A8-EF98-4D00-90E3-477CC2A126E6}.Release|Any CPU.Build.0 = Release|Any CPU
		{B3D54113-7797-4BD1-8555-B77A5A09D2F3}.Debug|Any CPU.ActiveCfg = Debug|Any CPU
		{B3D54113-7797-4BD1-8555-B77A5A09D2F3}.Debug|Any CPU.Build.0 = Debug|Any CPU
		{B3D54113-7797-4BD1-8555-B77A5A09D2F3}.Release|Any CPU.ActiveCfg = Release|Any CPU
		{B3D54113-7797-4BD1-8555-B77A5A09D2F3}.Release|Any CPU.Build.0 = Release|Any CPU
		{214C0F75-7784-4F32-9743-AE5CED3EF475}.Debug|Any CPU.ActiveCfg = Debug|Any CPU
		{214C0F75-7784-4F32-9743-AE5CED3EF475}.Debug|Any CPU.Build.0 = Debug|Any CPU
		{214C0F75-7784-4F32-9743-AE5CED3EF475}.Release|Any CPU.ActiveCfg = Release|Any CPU
		{214C0F75-7784-4F32-9743-AE5CED3EF475}.Release|Any CPU.Build.0 = Release|Any CPU
		{76D08C9A-882C-4C08-ABC0-B8D7DBE718D2}.Debug|Any CPU.ActiveCfg = Debug|Any CPU
		{76D08C9A-882C-4C08-ABC0-B8D7DBE718D2}.Debug|Any CPU.Build.0 = Debug|Any CPU
		{76D08C9A-882C-4C08-ABC0-B8D7DBE718D2}.Release|Any CPU.ActiveCfg = Release|Any CPU
		{76D08C9A-882C-4C08-ABC0-B8D7DBE718D2}.Release|Any CPU.Build.0 = Release|Any CPU
		{4D4B31B7-AE1A-4EBC-91DE-42F597933E79}.Debug|Any CPU.ActiveCfg = Debug|Any CPU
		{4D4B31B7-AE1A-4EBC-91DE-42F597933E79}.Debug|Any CPU.Build.0 = Debug|Any CPU
		{4D4B31B7-AE1A-4EBC-91DE-42F597933E79}.Release|Any CPU.ActiveCfg = Release|Any CPU
		{4D4B31B7-AE1A-4EBC-91DE-42F597933E79}.Release|Any CPU.Build.0 = Release|Any CPU
		{184C6323-0E6C-41CE-A1EA-A066954AD897}.Debug|Any CPU.ActiveCfg = Debug|Any CPU
		{184C6323-0E6C-41CE-A1EA-A066954AD897}.Debug|Any CPU.Build.0 = Debug|Any CPU
		{184C6323-0E6C-41CE-A1EA-A066954AD897}.Release|Any CPU.ActiveCfg = Release|Any CPU
		{184C6323-0E6C-41CE-A1EA-A066954AD897}.Release|Any CPU.Build.0 = Release|Any CPU
		{A8F7D205-D4A9-4C27-B394-87D92604C7DF}.Debug|Any CPU.ActiveCfg = Debug|Any CPU
		{A8F7D205-D4A9-4C27-B394-87D92604C7DF}.Debug|Any CPU.Build.0 = Debug|Any CPU
		{A8F7D205-D4A9-4C27-B394-87D92604C7DF}.Release|Any CPU.ActiveCfg = Release|Any CPU
		{A8F7D205-D4A9-4C27-B394-87D92604C7DF}.Release|Any CPU.Build.0 = Release|Any CPU
		{D58D95E6-9E74-4219-B205-425712F70827}.Debug|Any CPU.ActiveCfg = Debug|Any CPU
		{D58D95E6-9E74-4219-B205-425712F70827}.Debug|Any CPU.Build.0 = Debug|Any CPU
		{D58D95E6-9E74-4219-B205-425712F70827}.Release|Any CPU.ActiveCfg = Release|Any CPU
		{D58D95E6-9E74-4219-B205-425712F70827}.Release|Any CPU.Build.0 = Release|Any CPU
		{4483DB4D-8F7B-43A9-8AFE-B74136E5C028}.Debug|Any CPU.ActiveCfg = Debug|Any CPU
		{4483DB4D-8F7B-43A9-8AFE-B74136E5C028}.Debug|Any CPU.Build.0 = Debug|Any CPU
		{4483DB4D-8F7B-43A9-8AFE-B74136E5C028}.Release|Any CPU.ActiveCfg = Release|Any CPU
		{4483DB4D-8F7B-43A9-8AFE-B74136E5C028}.Release|Any CPU.Build.0 = Release|Any CPU
		{72E44466-1AEB-4805-B5B2-7CA5B294601E}.Debug|Any CPU.ActiveCfg = Debug|Any CPU
		{72E44466-1AEB-4805-B5B2-7CA5B294601E}.Debug|Any CPU.Build.0 = Debug|Any CPU
		{72E44466-1AEB-4805-B5B2-7CA5B294601E}.Release|Any CPU.ActiveCfg = Release|Any CPU
		{72E44466-1AEB-4805-B5B2-7CA5B294601E}.Release|Any CPU.Build.0 = Release|Any CPU
		{A71276D8-1764-455A-8E8F-071D13020501}.Debug|Any CPU.ActiveCfg = Debug|Any CPU
		{A71276D8-1764-455A-8E8F-071D13020501}.Debug|Any CPU.Build.0 = Debug|Any CPU
		{A71276D8-1764-455A-8E8F-071D13020501}.Release|Any CPU.ActiveCfg = Release|Any CPU
		{A71276D8-1764-455A-8E8F-071D13020501}.Release|Any CPU.Build.0 = Release|Any CPU
		{4ABF7530-ECB4-429F-98B8-2D2F597D6974}.Debug|Any CPU.ActiveCfg = Debug|Any CPU
		{4ABF7530-ECB4-429F-98B8-2D2F597D6974}.Debug|Any CPU.Build.0 = Debug|Any CPU
		{4ABF7530-ECB4-429F-98B8-2D2F597D6974}.Release|Any CPU.ActiveCfg = Release|Any CPU
		{4ABF7530-ECB4-429F-98B8-2D2F597D6974}.Release|Any CPU.Build.0 = Release|Any CPU
		{81BFDE3F-381F-49C1-A123-64E388FB1979}.Debug|Any CPU.ActiveCfg = Debug|Any CPU
		{81BFDE3F-381F-49C1-A123-64E388FB1979}.Debug|Any CPU.Build.0 = Debug|Any CPU
		{81BFDE3F-381F-49C1-A123-64E388FB1979}.Release|Any CPU.ActiveCfg = Release|Any CPU
		{81BFDE3F-381F-49C1-A123-64E388FB1979}.Release|Any CPU.Build.0 = Release|Any CPU
		{D1F34902-B927-4B43-AC3E-F16BC39E9710}.Debug|Any CPU.ActiveCfg = Debug|Any CPU
		{D1F34902-B927-4B43-AC3E-F16BC39E9710}.Debug|Any CPU.Build.0 = Debug|Any CPU
		{D1F34902-B927-4B43-AC3E-F16BC39E9710}.Release|Any CPU.ActiveCfg = Release|Any CPU
		{D1F34902-B927-4B43-AC3E-F16BC39E9710}.Release|Any CPU.Build.0 = Release|Any CPU
		{A0A4F142-2063-4914-9939-83A39F900137}.Debug|Any CPU.ActiveCfg = Debug|Any CPU
		{A0A4F142-2063-4914-9939-83A39F900137}.Debug|Any CPU.Build.0 = Debug|Any CPU
		{A0A4F142-2063-4914-9939-83A39F900137}.Release|Any CPU.ActiveCfg = Release|Any CPU
		{A0A4F142-2063-4914-9939-83A39F900137}.Release|Any CPU.Build.0 = Release|Any CPU
		{0C5030BE-2B3B-44A5-B0D5-B0CA1ACA6827}.Debug|Any CPU.ActiveCfg = Debug|Any CPU
		{0C5030BE-2B3B-44A5-B0D5-B0CA1ACA6827}.Debug|Any CPU.Build.0 = Debug|Any CPU
		{0C5030BE-2B3B-44A5-B0D5-B0CA1ACA6827}.Release|Any CPU.ActiveCfg = Release|Any CPU
		{0C5030BE-2B3B-44A5-B0D5-B0CA1ACA6827}.Release|Any CPU.Build.0 = Release|Any CPU
		{E46CE6AE-F757-4A1C-B69E-F88F5D1BF04A}.Debug|Any CPU.ActiveCfg = Debug|Any CPU
		{E46CE6AE-F757-4A1C-B69E-F88F5D1BF04A}.Debug|Any CPU.Build.0 = Debug|Any CPU
		{E46CE6AE-F757-4A1C-B69E-F88F5D1BF04A}.Release|Any CPU.ActiveCfg = Release|Any CPU
		{E46CE6AE-F757-4A1C-B69E-F88F5D1BF04A}.Release|Any CPU.Build.0 = Release|Any CPU
		{7CCB3168-C8A5-41C7-9001-7BAC3194A8C1}.Debug|Any CPU.ActiveCfg = Debug|Any CPU
		{7CCB3168-C8A5-41C7-9001-7BAC3194A8C1}.Debug|Any CPU.Build.0 = Debug|Any CPU
		{7CCB3168-C8A5-41C7-9001-7BAC3194A8C1}.Release|Any CPU.ActiveCfg = Release|Any CPU
		{7CCB3168-C8A5-41C7-9001-7BAC3194A8C1}.Release|Any CPU.Build.0 = Release|Any CPU
		{7056D27D-DF56-464E-B368-F580B36BD347}.Debug|Any CPU.ActiveCfg = Debug|Any CPU
		{7056D27D-DF56-464E-B368-F580B36BD347}.Debug|Any CPU.Build.0 = Debug|Any CPU
		{7056D27D-DF56-464E-B368-F580B36BD347}.Release|Any CPU.ActiveCfg = Release|Any CPU
		{7056D27D-DF56-464E-B368-F580B36BD347}.Release|Any CPU.Build.0 = Release|Any CPU
		{9D204A58-C9C8-42CD-B89B-B3816E9CCF2C}.Debug|Any CPU.ActiveCfg = Debug|Any CPU
		{9D204A58-C9C8-42CD-B89B-B3816E9CCF2C}.Debug|Any CPU.Build.0 = Debug|Any CPU
		{9D204A58-C9C8-42CD-B89B-B3816E9CCF2C}.Release|Any CPU.ActiveCfg = Release|Any CPU
		{9D204A58-C9C8-42CD-B89B-B3816E9CCF2C}.Release|Any CPU.Build.0 = Release|Any CPU
		{B4D04184-208D-4456-ADA5-8A128E0683B1}.Debug|Any CPU.ActiveCfg = Debug|Any CPU
		{B4D04184-208D-4456-ADA5-8A128E0683B1}.Debug|Any CPU.Build.0 = Debug|Any CPU
		{B4D04184-208D-4456-ADA5-8A128E0683B1}.Release|Any CPU.ActiveCfg = Release|Any CPU
		{B4D04184-208D-4456-ADA5-8A128E0683B1}.Release|Any CPU.Build.0 = Release|Any CPU
		{1F475BAB-CF28-44A6-9A37-50FD1FD2B3A3}.Debug|Any CPU.ActiveCfg = Debug|Any CPU
		{1F475BAB-CF28-44A6-9A37-50FD1FD2B3A3}.Debug|Any CPU.Build.0 = Debug|Any CPU
		{1F475BAB-CF28-44A6-9A37-50FD1FD2B3A3}.Release|Any CPU.ActiveCfg = Release|Any CPU
		{1F475BAB-CF28-44A6-9A37-50FD1FD2B3A3}.Release|Any CPU.Build.0 = Release|Any CPU
		{4BB2B3BB-A36E-485F-9FC9-BBE3E964879F}.Debug|Any CPU.ActiveCfg = Debug|Any CPU
		{4BB2B3BB-A36E-485F-9FC9-BBE3E964879F}.Debug|Any CPU.Build.0 = Debug|Any CPU
		{4BB2B3BB-A36E-485F-9FC9-BBE3E964879F}.Release|Any CPU.ActiveCfg = Release|Any CPU
		{4BB2B3BB-A36E-485F-9FC9-BBE3E964879F}.Release|Any CPU.Build.0 = Release|Any CPU
		{C89220B7-B9D3-42A0-B62D-981FF976A5CF}.Debug|Any CPU.ActiveCfg = Debug|Any CPU
		{C89220B7-B9D3-42A0-B62D-981FF976A5CF}.Debug|Any CPU.Build.0 = Debug|Any CPU
		{C89220B7-B9D3-42A0-B62D-981FF976A5CF}.Release|Any CPU.ActiveCfg = Release|Any CPU
		{C89220B7-B9D3-42A0-B62D-981FF976A5CF}.Release|Any CPU.Build.0 = Release|Any CPU
		{DEF51106-35D9-4B07-8FF8-6D7FA2917D33}.Debug|Any CPU.ActiveCfg = Debug|Any CPU
		{DEF51106-35D9-4B07-8FF8-6D7FA2917D33}.Debug|Any CPU.Build.0 = Debug|Any CPU
		{DEF51106-35D9-4B07-8FF8-6D7FA2917D33}.Release|Any CPU.ActiveCfg = Release|Any CPU
		{DEF51106-35D9-4B07-8FF8-6D7FA2917D33}.Release|Any CPU.Build.0 = Release|Any CPU
		{C6EBEF00-9DE0-4D8D-A6AC-1A8AAA03288F}.Debug|Any CPU.ActiveCfg = Debug|Any CPU
		{C6EBEF00-9DE0-4D8D-A6AC-1A8AAA03288F}.Debug|Any CPU.Build.0 = Debug|Any CPU
		{C6EBEF00-9DE0-4D8D-A6AC-1A8AAA03288F}.Release|Any CPU.ActiveCfg = Release|Any CPU
		{C6EBEF00-9DE0-4D8D-A6AC-1A8AAA03288F}.Release|Any CPU.Build.0 = Release|Any CPU
		{6F5AD16E-C718-44AD-8EEE-785B0C816783}.Debug|Any CPU.ActiveCfg = Debug|Any CPU
		{6F5AD16E-C718-44AD-8EEE-785B0C816783}.Debug|Any CPU.Build.0 = Debug|Any CPU
		{6F5AD16E-C718-44AD-8EEE-785B0C816783}.Release|Any CPU.ActiveCfg = Release|Any CPU
		{6F5AD16E-C718-44AD-8EEE-785B0C816783}.Release|Any CPU.Build.0 = Release|Any CPU
		{03689818-06C2-4FAE-8392-C93CF209556F}.Debug|Any CPU.ActiveCfg = Debug|Any CPU
		{03689818-06C2-4FAE-8392-C93CF209556F}.Debug|Any CPU.Build.0 = Debug|Any CPU
		{03689818-06C2-4FAE-8392-C93CF209556F}.Release|Any CPU.ActiveCfg = Release|Any CPU
		{03689818-06C2-4FAE-8392-C93CF209556F}.Release|Any CPU.Build.0 = Release|Any CPU
		{5585955B-279B-4ABB-9188-DA56239EE287}.Debug|Any CPU.ActiveCfg = Debug|Any CPU
		{5585955B-279B-4ABB-9188-DA56239EE287}.Debug|Any CPU.Build.0 = Debug|Any CPU
		{5585955B-279B-4ABB-9188-DA56239EE287}.Release|Any CPU.ActiveCfg = Release|Any CPU
		{5585955B-279B-4ABB-9188-DA56239EE287}.Release|Any CPU.Build.0 = Release|Any CPU
		{2729EBEA-0494-4238-899B-4A49F467760B}.Debug|Any CPU.ActiveCfg = Debug|Any CPU
		{2729EBEA-0494-4238-899B-4A49F467760B}.Debug|Any CPU.Build.0 = Debug|Any CPU
		{2729EBEA-0494-4238-899B-4A49F467760B}.Release|Any CPU.ActiveCfg = Release|Any CPU
		{2729EBEA-0494-4238-899B-4A49F467760B}.Release|Any CPU.Build.0 = Release|Any CPU
		{B294861D-0120-4DEF-96B4-0AE967B8B7B4}.Debug|Any CPU.ActiveCfg = Debug|Any CPU
		{B294861D-0120-4DEF-96B4-0AE967B8B7B4}.Debug|Any CPU.Build.0 = Debug|Any CPU
		{B294861D-0120-4DEF-96B4-0AE967B8B7B4}.Release|Any CPU.ActiveCfg = Release|Any CPU
		{B294861D-0120-4DEF-96B4-0AE967B8B7B4}.Release|Any CPU.Build.0 = Release|Any CPU
		{2CEB6A52-65CA-4422-A822-BC51A0DD36EE}.Debug|Any CPU.ActiveCfg = Debug|Any CPU
		{2CEB6A52-65CA-4422-A822-BC51A0DD36EE}.Debug|Any CPU.Build.0 = Debug|Any CPU
		{2CEB6A52-65CA-4422-A822-BC51A0DD36EE}.Release|Any CPU.ActiveCfg = Release|Any CPU
		{2CEB6A52-65CA-4422-A822-BC51A0DD36EE}.Release|Any CPU.Build.0 = Release|Any CPU
		{4D3E95BC-C3E5-4184-965B-4213C7B4C548}.Debug|Any CPU.ActiveCfg = Debug|Any CPU
		{4D3E95BC-C3E5-4184-965B-4213C7B4C548}.Debug|Any CPU.Build.0 = Debug|Any CPU
		{4D3E95BC-C3E5-4184-965B-4213C7B4C548}.Release|Any CPU.ActiveCfg = Release|Any CPU
		{4D3E95BC-C3E5-4184-965B-4213C7B4C548}.Release|Any CPU.Build.0 = Release|Any CPU
		{227F78FD-93D0-4F88-8573-1CCD5AAF3783}.Debug|Any CPU.ActiveCfg = Debug|Any CPU
		{227F78FD-93D0-4F88-8573-1CCD5AAF3783}.Debug|Any CPU.Build.0 = Debug|Any CPU
		{227F78FD-93D0-4F88-8573-1CCD5AAF3783}.Release|Any CPU.ActiveCfg = Release|Any CPU
		{227F78FD-93D0-4F88-8573-1CCD5AAF3783}.Release|Any CPU.Build.0 = Release|Any CPU
		{161C084A-3ED1-4A4E-A38B-D956B1E46CA1}.Debug|Any CPU.ActiveCfg = Debug|Any CPU
		{161C084A-3ED1-4A4E-A38B-D956B1E46CA1}.Debug|Any CPU.Build.0 = Debug|Any CPU
		{161C084A-3ED1-4A4E-A38B-D956B1E46CA1}.Release|Any CPU.ActiveCfg = Release|Any CPU
		{161C084A-3ED1-4A4E-A38B-D956B1E46CA1}.Release|Any CPU.Build.0 = Release|Any CPU
		{7D45D27B-E3D2-4619-8205-EAD84F7EE991}.Debug|Any CPU.ActiveCfg = Debug|Any CPU
		{7D45D27B-E3D2-4619-8205-EAD84F7EE991}.Debug|Any CPU.Build.0 = Debug|Any CPU
		{7D45D27B-E3D2-4619-8205-EAD84F7EE991}.Release|Any CPU.ActiveCfg = Release|Any CPU
		{7D45D27B-E3D2-4619-8205-EAD84F7EE991}.Release|Any CPU.Build.0 = Release|Any CPU
		{BD04BAD3-C082-443C-8626-B22B0F52A66B}.Debug|Any CPU.ActiveCfg = Debug|Any CPU
		{BD04BAD3-C082-443C-8626-B22B0F52A66B}.Debug|Any CPU.Build.0 = Debug|Any CPU
		{BD04BAD3-C082-443C-8626-B22B0F52A66B}.Release|Any CPU.ActiveCfg = Release|Any CPU
		{BD04BAD3-C082-443C-8626-B22B0F52A66B}.Release|Any CPU.Build.0 = Release|Any CPU
		{2B9F3DED-235E-4114-99CA-43232963CF6A}.Debug|Any CPU.ActiveCfg = Debug|Any CPU
		{2B9F3DED-235E-4114-99CA-43232963CF6A}.Debug|Any CPU.Build.0 = Debug|Any CPU
		{2B9F3DED-235E-4114-99CA-43232963CF6A}.Release|Any CPU.ActiveCfg = Release|Any CPU
		{2B9F3DED-235E-4114-99CA-43232963CF6A}.Release|Any CPU.Build.0 = Release|Any CPU
		{E64EB497-7AE1-4130-904E-2A0714FD6234}.Debug|Any CPU.ActiveCfg = Debug|Any CPU
		{E64EB497-7AE1-4130-904E-2A0714FD6234}.Debug|Any CPU.Build.0 = Debug|Any CPU
		{E64EB497-7AE1-4130-904E-2A0714FD6234}.Release|Any CPU.ActiveCfg = Release|Any CPU
		{E64EB497-7AE1-4130-904E-2A0714FD6234}.Release|Any CPU.Build.0 = Release|Any CPU
		{4F93B8D7-E3A7-4554-AA19-5D5A9D281C4D}.Debug|Any CPU.ActiveCfg = Debug|Any CPU
		{4F93B8D7-E3A7-4554-AA19-5D5A9D281C4D}.Debug|Any CPU.Build.0 = Debug|Any CPU
		{4F93B8D7-E3A7-4554-AA19-5D5A9D281C4D}.Release|Any CPU.ActiveCfg = Release|Any CPU
		{4F93B8D7-E3A7-4554-AA19-5D5A9D281C4D}.Release|Any CPU.Build.0 = Release|Any CPU
		{2C634A21-D7FE-431F-B17F-E7CC7EBA95E8}.Debug|Any CPU.ActiveCfg = Debug|Any CPU
		{2C634A21-D7FE-431F-B17F-E7CC7EBA95E8}.Debug|Any CPU.Build.0 = Debug|Any CPU
		{2C634A21-D7FE-431F-B17F-E7CC7EBA95E8}.Release|Any CPU.ActiveCfg = Release|Any CPU
		{2C634A21-D7FE-431F-B17F-E7CC7EBA95E8}.Release|Any CPU.Build.0 = Release|Any CPU
		{6D9717DD-DCC6-4A59-A720-BD7D2252D042}.Debug|Any CPU.ActiveCfg = Debug|Any CPU
		{6D9717DD-DCC6-4A59-A720-BD7D2252D042}.Debug|Any CPU.Build.0 = Debug|Any CPU
		{6D9717DD-DCC6-4A59-A720-BD7D2252D042}.Release|Any CPU.ActiveCfg = Release|Any CPU
		{6D9717DD-DCC6-4A59-A720-BD7D2252D042}.Release|Any CPU.Build.0 = Release|Any CPU
		{3EE84B3F-8955-4EA8-A7C5-2FECED964256}.Debug|Any CPU.ActiveCfg = Debug|Any CPU
		{3EE84B3F-8955-4EA8-A7C5-2FECED964256}.Debug|Any CPU.Build.0 = Debug|Any CPU
		{3EE84B3F-8955-4EA8-A7C5-2FECED964256}.Release|Any CPU.ActiveCfg = Release|Any CPU
		{3EE84B3F-8955-4EA8-A7C5-2FECED964256}.Release|Any CPU.Build.0 = Release|Any CPU
		{DC7F08E2-F89A-47D6-9384-2092EAD7C131}.Debug|Any CPU.ActiveCfg = Debug|Any CPU
		{DC7F08E2-F89A-47D6-9384-2092EAD7C131}.Debug|Any CPU.Build.0 = Debug|Any CPU
		{DC7F08E2-F89A-47D6-9384-2092EAD7C131}.Release|Any CPU.ActiveCfg = Release|Any CPU
		{DC7F08E2-F89A-47D6-9384-2092EAD7C131}.Release|Any CPU.Build.0 = Release|Any CPU
		{5B221957-1998-4EAD-9116-5400127E08FF}.Debug|Any CPU.ActiveCfg = Debug|Any CPU
		{5B221957-1998-4EAD-9116-5400127E08FF}.Debug|Any CPU.Build.0 = Debug|Any CPU
		{5B221957-1998-4EAD-9116-5400127E08FF}.Release|Any CPU.ActiveCfg = Release|Any CPU
		{5B221957-1998-4EAD-9116-5400127E08FF}.Release|Any CPU.Build.0 = Release|Any CPU
		{ABD5F744-4F0B-4854-B09C-AB9FD0EB437B}.Debug|Any CPU.ActiveCfg = Debug|Any CPU
		{ABD5F744-4F0B-4854-B09C-AB9FD0EB437B}.Debug|Any CPU.Build.0 = Debug|Any CPU
		{ABD5F744-4F0B-4854-B09C-AB9FD0EB437B}.Release|Any CPU.ActiveCfg = Release|Any CPU
		{ABD5F744-4F0B-4854-B09C-AB9FD0EB437B}.Release|Any CPU.Build.0 = Release|Any CPU
		{A6B0BB4E-CA1C-4441-911E-D05FE70007C6}.Debug|Any CPU.ActiveCfg = Debug|Any CPU
		{A6B0BB4E-CA1C-4441-911E-D05FE70007C6}.Debug|Any CPU.Build.0 = Debug|Any CPU
		{A6B0BB4E-CA1C-4441-911E-D05FE70007C6}.Release|Any CPU.ActiveCfg = Release|Any CPU
		{A6B0BB4E-CA1C-4441-911E-D05FE70007C6}.Release|Any CPU.Build.0 = Release|Any CPU
		{7A1DEC86-CAAD-4ADF-B432-7462F10FC07F}.Debug|Any CPU.ActiveCfg = Debug|Any CPU
		{7A1DEC86-CAAD-4ADF-B432-7462F10FC07F}.Debug|Any CPU.Build.0 = Debug|Any CPU
		{7A1DEC86-CAAD-4ADF-B432-7462F10FC07F}.Release|Any CPU.ActiveCfg = Release|Any CPU
		{7A1DEC86-CAAD-4ADF-B432-7462F10FC07F}.Release|Any CPU.Build.0 = Release|Any CPU
		{6BEF3AFC-DED2-4B85-9665-1D0BFE262C56}.Debug|Any CPU.ActiveCfg = Debug|Any CPU
		{6BEF3AFC-DED2-4B85-9665-1D0BFE262C56}.Debug|Any CPU.Build.0 = Debug|Any CPU
		{6BEF3AFC-DED2-4B85-9665-1D0BFE262C56}.Release|Any CPU.ActiveCfg = Release|Any CPU
		{6BEF3AFC-DED2-4B85-9665-1D0BFE262C56}.Release|Any CPU.Build.0 = Release|Any CPU
		{0D6CD852-9616-4433-8994-97E640B01769}.Debug|Any CPU.ActiveCfg = Debug|Any CPU
		{0D6CD852-9616-4433-8994-97E640B01769}.Debug|Any CPU.Build.0 = Debug|Any CPU
		{0D6CD852-9616-4433-8994-97E640B01769}.Release|Any CPU.ActiveCfg = Release|Any CPU
		{0D6CD852-9616-4433-8994-97E640B01769}.Release|Any CPU.Build.0 = Release|Any CPU
		{9340F536-EA4F-4CD0-9D75-7811318C8F44}.Debug|Any CPU.ActiveCfg = Debug|Any CPU
		{9340F536-EA4F-4CD0-9D75-7811318C8F44}.Debug|Any CPU.Build.0 = Debug|Any CPU
		{9340F536-EA4F-4CD0-9D75-7811318C8F44}.Release|Any CPU.ActiveCfg = Release|Any CPU
		{9340F536-EA4F-4CD0-9D75-7811318C8F44}.Release|Any CPU.Build.0 = Release|Any CPU
		{8391D6B7-3B11-46EE-A340-96FD794E2732}.Debug|Any CPU.ActiveCfg = Debug|Any CPU
		{8391D6B7-3B11-46EE-A340-96FD794E2732}.Debug|Any CPU.Build.0 = Debug|Any CPU
		{8391D6B7-3B11-46EE-A340-96FD794E2732}.Release|Any CPU.ActiveCfg = Release|Any CPU
		{8391D6B7-3B11-46EE-A340-96FD794E2732}.Release|Any CPU.Build.0 = Release|Any CPU
		{1343D542-3072-498F-9A05-D7C0E447BD48}.Debug|Any CPU.ActiveCfg = Debug|Any CPU
		{1343D542-3072-498F-9A05-D7C0E447BD48}.Debug|Any CPU.Build.0 = Debug|Any CPU
		{1343D542-3072-498F-9A05-D7C0E447BD48}.Release|Any CPU.ActiveCfg = Release|Any CPU
		{1343D542-3072-498F-9A05-D7C0E447BD48}.Release|Any CPU.Build.0 = Release|Any CPU
		{205B5346-FA97-4156-828E-FD050A5A7222}.Debug|Any CPU.ActiveCfg = Debug|Any CPU
		{205B5346-FA97-4156-828E-FD050A5A7222}.Debug|Any CPU.Build.0 = Debug|Any CPU
		{205B5346-FA97-4156-828E-FD050A5A7222}.Release|Any CPU.ActiveCfg = Release|Any CPU
		{205B5346-FA97-4156-828E-FD050A5A7222}.Release|Any CPU.Build.0 = Release|Any CPU
		{A81AFE16-CADC-41D0-909F-4CACC1B794C9}.Debug|Any CPU.ActiveCfg = Debug|Any CPU
		{A81AFE16-CADC-41D0-909F-4CACC1B794C9}.Debug|Any CPU.Build.0 = Debug|Any CPU
		{A81AFE16-CADC-41D0-909F-4CACC1B794C9}.Release|Any CPU.ActiveCfg = Release|Any CPU
		{A81AFE16-CADC-41D0-909F-4CACC1B794C9}.Release|Any CPU.Build.0 = Release|Any CPU
		{99F9322F-DC13-4C24-80AB-FC9EC1B7E519}.Debug|Any CPU.ActiveCfg = Debug|Any CPU
		{99F9322F-DC13-4C24-80AB-FC9EC1B7E519}.Debug|Any CPU.Build.0 = Debug|Any CPU
		{99F9322F-DC13-4C24-80AB-FC9EC1B7E519}.Release|Any CPU.ActiveCfg = Release|Any CPU
		{99F9322F-DC13-4C24-80AB-FC9EC1B7E519}.Release|Any CPU.Build.0 = Release|Any CPU
		{7BFCEB9A-53A5-42C4-A9D4-3C7FC130B80A}.Debug|Any CPU.ActiveCfg = Debug|Any CPU
		{7BFCEB9A-53A5-42C4-A9D4-3C7FC130B80A}.Debug|Any CPU.Build.0 = Debug|Any CPU
		{7BFCEB9A-53A5-42C4-A9D4-3C7FC130B80A}.Release|Any CPU.ActiveCfg = Release|Any CPU
		{7BFCEB9A-53A5-42C4-A9D4-3C7FC130B80A}.Release|Any CPU.Build.0 = Release|Any CPU
		{E6A113A4-8CAA-4D93-AE94-E4472D71E43D}.Debug|Any CPU.ActiveCfg = Debug|Any CPU
		{E6A113A4-8CAA-4D93-AE94-E4472D71E43D}.Debug|Any CPU.Build.0 = Debug|Any CPU
		{E6A113A4-8CAA-4D93-AE94-E4472D71E43D}.Release|Any CPU.ActiveCfg = Release|Any CPU
		{E6A113A4-8CAA-4D93-AE94-E4472D71E43D}.Release|Any CPU.Build.0 = Release|Any CPU
		{39C08D55-422F-40D6-8C2A-7BC9374B392B}.Debug|Any CPU.ActiveCfg = Debug|Any CPU
		{39C08D55-422F-40D6-8C2A-7BC9374B392B}.Debug|Any CPU.Build.0 = Debug|Any CPU
		{39C08D55-422F-40D6-8C2A-7BC9374B392B}.Release|Any CPU.ActiveCfg = Release|Any CPU
		{39C08D55-422F-40D6-8C2A-7BC9374B392B}.Release|Any CPU.Build.0 = Release|Any CPU
		{7B905DF2-7FB1-499A-952E-FB39C0AA3E17}.Debug|Any CPU.ActiveCfg = Debug|Any CPU
		{7B905DF2-7FB1-499A-952E-FB39C0AA3E17}.Debug|Any CPU.Build.0 = Debug|Any CPU
		{7B905DF2-7FB1-499A-952E-FB39C0AA3E17}.Release|Any CPU.ActiveCfg = Release|Any CPU
		{7B905DF2-7FB1-499A-952E-FB39C0AA3E17}.Release|Any CPU.Build.0 = Release|Any CPU
		{FE97D862-4B06-4167-BAFE-782FB76F604E}.Debug|Any CPU.ActiveCfg = Debug|Any CPU
		{FE97D862-4B06-4167-BAFE-782FB76F604E}.Debug|Any CPU.Build.0 = Debug|Any CPU
		{FE97D862-4B06-4167-BAFE-782FB76F604E}.Release|Any CPU.ActiveCfg = Release|Any CPU
		{FE97D862-4B06-4167-BAFE-782FB76F604E}.Release|Any CPU.Build.0 = Release|Any CPU
		{2BE5126E-4CEC-45BC-9B09-65A078D3F3F3}.Debug|Any CPU.ActiveCfg = Debug|Any CPU
		{2BE5126E-4CEC-45BC-9B09-65A078D3F3F3}.Debug|Any CPU.Build.0 = Debug|Any CPU
		{2BE5126E-4CEC-45BC-9B09-65A078D3F3F3}.Release|Any CPU.ActiveCfg = Release|Any CPU
		{2BE5126E-4CEC-45BC-9B09-65A078D3F3F3}.Release|Any CPU.Build.0 = Release|Any CPU
		{B2A89C2E-9F47-4B59-A763-7D730DB93DF9}.Debug|Any CPU.ActiveCfg = Debug|Any CPU
		{B2A89C2E-9F47-4B59-A763-7D730DB93DF9}.Debug|Any CPU.Build.0 = Debug|Any CPU
		{B2A89C2E-9F47-4B59-A763-7D730DB93DF9}.Release|Any CPU.ActiveCfg = Release|Any CPU
		{B2A89C2E-9F47-4B59-A763-7D730DB93DF9}.Release|Any CPU.Build.0 = Release|Any CPU
		{59B1DA19-CFCD-414B-9E92-62BB51274114}.Debug|Any CPU.ActiveCfg = Debug|Any CPU
		{59B1DA19-CFCD-414B-9E92-62BB51274114}.Debug|Any CPU.Build.0 = Debug|Any CPU
		{59B1DA19-CFCD-414B-9E92-62BB51274114}.Release|Any CPU.ActiveCfg = Release|Any CPU
		{59B1DA19-CFCD-414B-9E92-62BB51274114}.Release|Any CPU.Build.0 = Release|Any CPU
		{92EAD0F1-25EB-46F4-99F9-B1A24EAAD7BE}.Debug|Any CPU.ActiveCfg = Debug|Any CPU
		{92EAD0F1-25EB-46F4-99F9-B1A24EAAD7BE}.Debug|Any CPU.Build.0 = Debug|Any CPU
		{92EAD0F1-25EB-46F4-99F9-B1A24EAAD7BE}.Release|Any CPU.ActiveCfg = Release|Any CPU
		{92EAD0F1-25EB-46F4-99F9-B1A24EAAD7BE}.Release|Any CPU.Build.0 = Release|Any CPU
		{F30628BE-0F90-4B6B-9818-918F41B99FB8}.Debug|Any CPU.ActiveCfg = Debug|Any CPU
		{F30628BE-0F90-4B6B-9818-918F41B99FB8}.Debug|Any CPU.Build.0 = Debug|Any CPU
		{F30628BE-0F90-4B6B-9818-918F41B99FB8}.Release|Any CPU.ActiveCfg = Release|Any CPU
		{F30628BE-0F90-4B6B-9818-918F41B99FB8}.Release|Any CPU.Build.0 = Release|Any CPU
		{83D39ADC-E086-41EB-8F64-EB28C67D6525}.Debug|Any CPU.ActiveCfg = Debug|Any CPU
		{83D39ADC-E086-41EB-8F64-EB28C67D6525}.Debug|Any CPU.Build.0 = Debug|Any CPU
		{83D39ADC-E086-41EB-8F64-EB28C67D6525}.Release|Any CPU.ActiveCfg = Release|Any CPU
		{83D39ADC-E086-41EB-8F64-EB28C67D6525}.Release|Any CPU.Build.0 = Release|Any CPU
		{FF74D7A1-4638-4AC6-A16C-B227C0BE346C}.Debug|Any CPU.ActiveCfg = Debug|Any CPU
		{FF74D7A1-4638-4AC6-A16C-B227C0BE346C}.Debug|Any CPU.Build.0 = Debug|Any CPU
		{FF74D7A1-4638-4AC6-A16C-B227C0BE346C}.Release|Any CPU.ActiveCfg = Release|Any CPU
		{FF74D7A1-4638-4AC6-A16C-B227C0BE346C}.Release|Any CPU.Build.0 = Release|Any CPU
		{0B90402C-8A8C-496D-8173-32D6032ED99B}.Debug|Any CPU.ActiveCfg = Debug|Any CPU
		{0B90402C-8A8C-496D-8173-32D6032ED99B}.Debug|Any CPU.Build.0 = Debug|Any CPU
		{0B90402C-8A8C-496D-8173-32D6032ED99B}.Release|Any CPU.ActiveCfg = Release|Any CPU
		{0B90402C-8A8C-496D-8173-32D6032ED99B}.Release|Any CPU.Build.0 = Release|Any CPU
		{105F7182-AB72-4563-BDEC-F79B7CBC56AD}.Debug|Any CPU.ActiveCfg = Debug|Any CPU
		{105F7182-AB72-4563-BDEC-F79B7CBC56AD}.Debug|Any CPU.Build.0 = Debug|Any CPU
		{105F7182-AB72-4563-BDEC-F79B7CBC56AD}.Release|Any CPU.ActiveCfg = Release|Any CPU
		{105F7182-AB72-4563-BDEC-F79B7CBC56AD}.Release|Any CPU.Build.0 = Release|Any CPU
		{67A68B2D-5511-40BE-8315-6324BD7D9B43}.Debug|Any CPU.ActiveCfg = Debug|Any CPU
		{67A68B2D-5511-40BE-8315-6324BD7D9B43}.Debug|Any CPU.Build.0 = Debug|Any CPU
		{67A68B2D-5511-40BE-8315-6324BD7D9B43}.Release|Any CPU.ActiveCfg = Release|Any CPU
		{67A68B2D-5511-40BE-8315-6324BD7D9B43}.Release|Any CPU.Build.0 = Release|Any CPU
		{D986B4DB-626B-4BA6-83BD-AA03F2DAF8FC}.Debug|Any CPU.ActiveCfg = Debug|Any CPU
		{D986B4DB-626B-4BA6-83BD-AA03F2DAF8FC}.Debug|Any CPU.Build.0 = Debug|Any CPU
		{D986B4DB-626B-4BA6-83BD-AA03F2DAF8FC}.Release|Any CPU.ActiveCfg = Release|Any CPU
		{D986B4DB-626B-4BA6-83BD-AA03F2DAF8FC}.Release|Any CPU.Build.0 = Release|Any CPU
		{7F523C44-1679-4828-94D1-F8A057DE303E}.Debug|Any CPU.ActiveCfg = Debug|Any CPU
		{7F523C44-1679-4828-94D1-F8A057DE303E}.Debug|Any CPU.Build.0 = Debug|Any CPU
		{7F523C44-1679-4828-94D1-F8A057DE303E}.Release|Any CPU.ActiveCfg = Release|Any CPU
		{7F523C44-1679-4828-94D1-F8A057DE303E}.Release|Any CPU.Build.0 = Release|Any CPU
		{A6E8FFF7-D981-43D7-85C6-D92F8E76D3F7}.Debug|Any CPU.ActiveCfg = Debug|Any CPU
		{A6E8FFF7-D981-43D7-85C6-D92F8E76D3F7}.Debug|Any CPU.Build.0 = Debug|Any CPU
		{A6E8FFF7-D981-43D7-85C6-D92F8E76D3F7}.Release|Any CPU.ActiveCfg = Release|Any CPU
		{A6E8FFF7-D981-43D7-85C6-D92F8E76D3F7}.Release|Any CPU.Build.0 = Release|Any CPU
		{0998496C-07A2-407C-A70E-69484B3734D8}.Debug|Any CPU.ActiveCfg = Debug|Any CPU
		{0998496C-07A2-407C-A70E-69484B3734D8}.Debug|Any CPU.Build.0 = Debug|Any CPU
		{0998496C-07A2-407C-A70E-69484B3734D8}.Release|Any CPU.ActiveCfg = Release|Any CPU
		{0998496C-07A2-407C-A70E-69484B3734D8}.Release|Any CPU.Build.0 = Release|Any CPU
		{A67BF43E-CDA6-49BA-BC76-415A2988B624}.Debug|Any CPU.ActiveCfg = Debug|Any CPU
		{A67BF43E-CDA6-49BA-BC76-415A2988B624}.Debug|Any CPU.Build.0 = Debug|Any CPU
		{A67BF43E-CDA6-49BA-BC76-415A2988B624}.Release|Any CPU.ActiveCfg = Release|Any CPU
		{A67BF43E-CDA6-49BA-BC76-415A2988B624}.Release|Any CPU.Build.0 = Release|Any CPU
		{C9EA5ACE-2D50-4414-A2A3-9923A8088417}.Debug|Any CPU.ActiveCfg = Debug|Any CPU
		{C9EA5ACE-2D50-4414-A2A3-9923A8088417}.Debug|Any CPU.Build.0 = Debug|Any CPU
		{C9EA5ACE-2D50-4414-A2A3-9923A8088417}.Release|Any CPU.ActiveCfg = Release|Any CPU
		{C9EA5ACE-2D50-4414-A2A3-9923A8088417}.Release|Any CPU.Build.0 = Release|Any CPU
		{0E221169-1F07-416E-9DAA-F53498E477D9}.Debug|Any CPU.ActiveCfg = Debug|Any CPU
		{0E221169-1F07-416E-9DAA-F53498E477D9}.Debug|Any CPU.Build.0 = Debug|Any CPU
		{0E221169-1F07-416E-9DAA-F53498E477D9}.Release|Any CPU.ActiveCfg = Release|Any CPU
		{0E221169-1F07-416E-9DAA-F53498E477D9}.Release|Any CPU.Build.0 = Release|Any CPU
		{B5154022-4F15-4C9C-93DE-EECDF197AE03}.Debug|Any CPU.ActiveCfg = Debug|Any CPU
		{B5154022-4F15-4C9C-93DE-EECDF197AE03}.Debug|Any CPU.Build.0 = Debug|Any CPU
		{B5154022-4F15-4C9C-93DE-EECDF197AE03}.Release|Any CPU.ActiveCfg = Release|Any CPU
		{B5154022-4F15-4C9C-93DE-EECDF197AE03}.Release|Any CPU.Build.0 = Release|Any CPU
		{6B0D2242-542C-4EAB-A33D-DE81F9A30094}.Debug|Any CPU.ActiveCfg = Debug|Any CPU
		{6B0D2242-542C-4EAB-A33D-DE81F9A30094}.Debug|Any CPU.Build.0 = Debug|Any CPU
		{6B0D2242-542C-4EAB-A33D-DE81F9A30094}.Release|Any CPU.ActiveCfg = Release|Any CPU
		{6B0D2242-542C-4EAB-A33D-DE81F9A30094}.Release|Any CPU.Build.0 = Release|Any CPU
		{F91BA849-7C97-4831-AACA-9D57C2C4A72D}.Debug|Any CPU.ActiveCfg = Debug|Any CPU
		{F91BA849-7C97-4831-AACA-9D57C2C4A72D}.Debug|Any CPU.Build.0 = Debug|Any CPU
		{F91BA849-7C97-4831-AACA-9D57C2C4A72D}.Release|Any CPU.ActiveCfg = Release|Any CPU
		{F91BA849-7C97-4831-AACA-9D57C2C4A72D}.Release|Any CPU.Build.0 = Release|Any CPU
		{C90A2025-99A1-40D5-B1E2-B846775962F1}.Debug|Any CPU.ActiveCfg = Debug|Any CPU
		{C90A2025-99A1-40D5-B1E2-B846775962F1}.Debug|Any CPU.Build.0 = Debug|Any CPU
		{C90A2025-99A1-40D5-B1E2-B846775962F1}.Release|Any CPU.ActiveCfg = Release|Any CPU
		{C90A2025-99A1-40D5-B1E2-B846775962F1}.Release|Any CPU.Build.0 = Release|Any CPU
		{0AA7ED17-AA03-45C8-9424-9517C0290425}.Debug|Any CPU.ActiveCfg = Debug|Any CPU
		{0AA7ED17-AA03-45C8-9424-9517C0290425}.Debug|Any CPU.Build.0 = Debug|Any CPU
		{0AA7ED17-AA03-45C8-9424-9517C0290425}.Release|Any CPU.ActiveCfg = Release|Any CPU
		{0AA7ED17-AA03-45C8-9424-9517C0290425}.Release|Any CPU.Build.0 = Release|Any CPU
		{87DE27E1-7B94-492C-A00E-AEFF32ED3FD0}.Debug|Any CPU.ActiveCfg = Debug|Any CPU
		{87DE27E1-7B94-492C-A00E-AEFF32ED3FD0}.Debug|Any CPU.Build.0 = Debug|Any CPU
		{87DE27E1-7B94-492C-A00E-AEFF32ED3FD0}.Release|Any CPU.ActiveCfg = Release|Any CPU
		{87DE27E1-7B94-492C-A00E-AEFF32ED3FD0}.Release|Any CPU.Build.0 = Release|Any CPU
		{B5A28685-70BB-4C3A-8CA3-FA9C5CC5B0C6}.Debug|Any CPU.ActiveCfg = Debug|Any CPU
		{B5A28685-70BB-4C3A-8CA3-FA9C5CC5B0C6}.Debug|Any CPU.Build.0 = Debug|Any CPU
		{B5A28685-70BB-4C3A-8CA3-FA9C5CC5B0C6}.Release|Any CPU.ActiveCfg = Release|Any CPU
		{B5A28685-70BB-4C3A-8CA3-FA9C5CC5B0C6}.Release|Any CPU.Build.0 = Release|Any CPU
		{3394422B-9F7C-4F09-A3F8-3D195E67C823}.Debug|Any CPU.ActiveCfg = Debug|Any CPU
		{3394422B-9F7C-4F09-A3F8-3D195E67C823}.Debug|Any CPU.Build.0 = Debug|Any CPU
		{3394422B-9F7C-4F09-A3F8-3D195E67C823}.Release|Any CPU.ActiveCfg = Release|Any CPU
		{3394422B-9F7C-4F09-A3F8-3D195E67C823}.Release|Any CPU.Build.0 = Release|Any CPU
		{04B594F3-676A-4B8D-A2E8-22189895C74F}.Debug|Any CPU.ActiveCfg = Debug|Any CPU
		{04B594F3-676A-4B8D-A2E8-22189895C74F}.Debug|Any CPU.Build.0 = Debug|Any CPU
		{04B594F3-676A-4B8D-A2E8-22189895C74F}.Release|Any CPU.ActiveCfg = Release|Any CPU
		{04B594F3-676A-4B8D-A2E8-22189895C74F}.Release|Any CPU.Build.0 = Release|Any CPU
		{53ED7A2E-E1BE-41A4-B7F2-B4D606ED94DF}.Debug|Any CPU.ActiveCfg = Debug|Any CPU
		{53ED7A2E-E1BE-41A4-B7F2-B4D606ED94DF}.Debug|Any CPU.Build.0 = Debug|Any CPU
		{53ED7A2E-E1BE-41A4-B7F2-B4D606ED94DF}.Release|Any CPU.ActiveCfg = Release|Any CPU
		{53ED7A2E-E1BE-41A4-B7F2-B4D606ED94DF}.Release|Any CPU.Build.0 = Release|Any CPU
		{D2CD3950-2CA7-4B50-A08F-03A5D72EA1A6}.Debug|Any CPU.ActiveCfg = Debug|Any CPU
		{D2CD3950-2CA7-4B50-A08F-03A5D72EA1A6}.Debug|Any CPU.Build.0 = Debug|Any CPU
		{D2CD3950-2CA7-4B50-A08F-03A5D72EA1A6}.Release|Any CPU.ActiveCfg = Release|Any CPU
		{D2CD3950-2CA7-4B50-A08F-03A5D72EA1A6}.Release|Any CPU.Build.0 = Release|Any CPU
		{07B54B3F-EA82-4844-931B-667211B05AEB}.Debug|Any CPU.ActiveCfg = Debug|Any CPU
		{07B54B3F-EA82-4844-931B-667211B05AEB}.Debug|Any CPU.Build.0 = Debug|Any CPU
		{07B54B3F-EA82-4844-931B-667211B05AEB}.Release|Any CPU.ActiveCfg = Release|Any CPU
		{07B54B3F-EA82-4844-931B-667211B05AEB}.Release|Any CPU.Build.0 = Release|Any CPU
		{2363B00E-6610-4C9C-B7E6-08A200CAA987}.Debug|Any CPU.ActiveCfg = Debug|Any CPU
		{2363B00E-6610-4C9C-B7E6-08A200CAA987}.Debug|Any CPU.Build.0 = Debug|Any CPU
		{2363B00E-6610-4C9C-B7E6-08A200CAA987}.Release|Any CPU.ActiveCfg = Release|Any CPU
		{2363B00E-6610-4C9C-B7E6-08A200CAA987}.Release|Any CPU.Build.0 = Release|Any CPU
		{DABCDDE2-E9AB-4F9B-A67A-93501706DB16}.Debug|Any CPU.ActiveCfg = Debug|Any CPU
		{DABCDDE2-E9AB-4F9B-A67A-93501706DB16}.Debug|Any CPU.Build.0 = Debug|Any CPU
		{DABCDDE2-E9AB-4F9B-A67A-93501706DB16}.Release|Any CPU.ActiveCfg = Release|Any CPU
		{DABCDDE2-E9AB-4F9B-A67A-93501706DB16}.Release|Any CPU.Build.0 = Release|Any CPU
		{8021CD92-61D3-420E-8C24-BA34E73AE02A}.Debug|Any CPU.ActiveCfg = Debug|Any CPU
		{8021CD92-61D3-420E-8C24-BA34E73AE02A}.Debug|Any CPU.Build.0 = Debug|Any CPU
		{8021CD92-61D3-420E-8C24-BA34E73AE02A}.Release|Any CPU.ActiveCfg = Release|Any CPU
		{8021CD92-61D3-420E-8C24-BA34E73AE02A}.Release|Any CPU.Build.0 = Release|Any CPU
		{7E18E043-DF9A-4E8F-899B-3545270AC12E}.Debug|Any CPU.ActiveCfg = Debug|Any CPU
		{7E18E043-DF9A-4E8F-899B-3545270AC12E}.Debug|Any CPU.Build.0 = Debug|Any CPU
		{7E18E043-DF9A-4E8F-899B-3545270AC12E}.Release|Any CPU.ActiveCfg = Release|Any CPU
		{7E18E043-DF9A-4E8F-899B-3545270AC12E}.Release|Any CPU.Build.0 = Release|Any CPU
		{AFE36709-71CB-434B-9B18-210A82DBF7F2}.Debug|Any CPU.ActiveCfg = Debug|Any CPU
		{AFE36709-71CB-434B-9B18-210A82DBF7F2}.Debug|Any CPU.Build.0 = Debug|Any CPU
		{AFE36709-71CB-434B-9B18-210A82DBF7F2}.Release|Any CPU.ActiveCfg = Release|Any CPU
		{AFE36709-71CB-434B-9B18-210A82DBF7F2}.Release|Any CPU.Build.0 = Release|Any CPU
		{E8EB6575-03B8-47E1-88DC-1B65DAEC8A3A}.Debug|Any CPU.ActiveCfg = Debug|Any CPU
		{E8EB6575-03B8-47E1-88DC-1B65DAEC8A3A}.Debug|Any CPU.Build.0 = Debug|Any CPU
		{E8EB6575-03B8-47E1-88DC-1B65DAEC8A3A}.Release|Any CPU.ActiveCfg = Release|Any CPU
		{E8EB6575-03B8-47E1-88DC-1B65DAEC8A3A}.Release|Any CPU.Build.0 = Release|Any CPU
		{D6E7E758-347C-4E51-91E6-045E96142CD7}.Debug|Any CPU.ActiveCfg = Debug|Any CPU
		{D6E7E758-347C-4E51-91E6-045E96142CD7}.Debug|Any CPU.Build.0 = Debug|Any CPU
		{D6E7E758-347C-4E51-91E6-045E96142CD7}.Release|Any CPU.ActiveCfg = Release|Any CPU
		{D6E7E758-347C-4E51-91E6-045E96142CD7}.Release|Any CPU.Build.0 = Release|Any CPU
		{7E3878AF-F6F4-44AA-BFD6-F4C491203174}.Debug|Any CPU.ActiveCfg = Debug|Any CPU
		{7E3878AF-F6F4-44AA-BFD6-F4C491203174}.Debug|Any CPU.Build.0 = Debug|Any CPU
		{7E3878AF-F6F4-44AA-BFD6-F4C491203174}.Release|Any CPU.ActiveCfg = Release|Any CPU
		{7E3878AF-F6F4-44AA-BFD6-F4C491203174}.Release|Any CPU.Build.0 = Release|Any CPU
		{3B81176E-82ED-43AB-946E-DD7B5DC421DB}.Debug|Any CPU.ActiveCfg = Debug|Any CPU
		{3B81176E-82ED-43AB-946E-DD7B5DC421DB}.Debug|Any CPU.Build.0 = Debug|Any CPU
		{3B81176E-82ED-43AB-946E-DD7B5DC421DB}.Release|Any CPU.ActiveCfg = Release|Any CPU
		{3B81176E-82ED-43AB-946E-DD7B5DC421DB}.Release|Any CPU.Build.0 = Release|Any CPU
		{D3E54D25-4DBB-4E0B-BFDA-056766C7A7EA}.Debug|Any CPU.ActiveCfg = Debug|Any CPU
		{D3E54D25-4DBB-4E0B-BFDA-056766C7A7EA}.Debug|Any CPU.Build.0 = Debug|Any CPU
		{D3E54D25-4DBB-4E0B-BFDA-056766C7A7EA}.Release|Any CPU.ActiveCfg = Release|Any CPU
		{D3E54D25-4DBB-4E0B-BFDA-056766C7A7EA}.Release|Any CPU.Build.0 = Release|Any CPU
		{F0AE5421-B527-4074-AA29-FB5422C0A323}.Debug|Any CPU.ActiveCfg = Debug|Any CPU
		{F0AE5421-B527-4074-AA29-FB5422C0A323}.Debug|Any CPU.Build.0 = Debug|Any CPU
		{F0AE5421-B527-4074-AA29-FB5422C0A323}.Release|Any CPU.ActiveCfg = Release|Any CPU
		{F0AE5421-B527-4074-AA29-FB5422C0A323}.Release|Any CPU.Build.0 = Release|Any CPU
		{10D9DBF7-ADB0-44A8-9E7F-38E66822D1BD}.Debug|Any CPU.ActiveCfg = Debug|Any CPU
		{10D9DBF7-ADB0-44A8-9E7F-38E66822D1BD}.Debug|Any CPU.Build.0 = Debug|Any CPU
		{10D9DBF7-ADB0-44A8-9E7F-38E66822D1BD}.Release|Any CPU.ActiveCfg = Release|Any CPU
		{10D9DBF7-ADB0-44A8-9E7F-38E66822D1BD}.Release|Any CPU.Build.0 = Release|Any CPU
		{E5DB459B-426B-4174-A445-121DE3525D45}.Debug|Any CPU.ActiveCfg = Debug|Any CPU
		{E5DB459B-426B-4174-A445-121DE3525D45}.Debug|Any CPU.Build.0 = Debug|Any CPU
		{E5DB459B-426B-4174-A445-121DE3525D45}.Release|Any CPU.ActiveCfg = Release|Any CPU
		{E5DB459B-426B-4174-A445-121DE3525D45}.Release|Any CPU.Build.0 = Release|Any CPU
		{10AB7092-44E6-461A-9573-9550760EC8AA}.Debug|Any CPU.ActiveCfg = Debug|Any CPU
		{10AB7092-44E6-461A-9573-9550760EC8AA}.Debug|Any CPU.Build.0 = Debug|Any CPU
		{10AB7092-44E6-461A-9573-9550760EC8AA}.Release|Any CPU.ActiveCfg = Release|Any CPU
		{10AB7092-44E6-461A-9573-9550760EC8AA}.Release|Any CPU.Build.0 = Release|Any CPU
		{2D312D12-17FA-41C8-A3C9-E89CE30CD681}.Debug|Any CPU.ActiveCfg = Debug|Any CPU
		{2D312D12-17FA-41C8-A3C9-E89CE30CD681}.Debug|Any CPU.Build.0 = Debug|Any CPU
		{2D312D12-17FA-41C8-A3C9-E89CE30CD681}.Release|Any CPU.ActiveCfg = Release|Any CPU
		{2D312D12-17FA-41C8-A3C9-E89CE30CD681}.Release|Any CPU.Build.0 = Release|Any CPU
		{4916DCAA-A3F9-4DF7-B39E-2FB4BA8C11B7}.Debug|Any CPU.ActiveCfg = Debug|Any CPU
		{4916DCAA-A3F9-4DF7-B39E-2FB4BA8C11B7}.Debug|Any CPU.Build.0 = Debug|Any CPU
		{4916DCAA-A3F9-4DF7-B39E-2FB4BA8C11B7}.Release|Any CPU.ActiveCfg = Release|Any CPU
		{4916DCAA-A3F9-4DF7-B39E-2FB4BA8C11B7}.Release|Any CPU.Build.0 = Release|Any CPU
		{FBC77918-7657-444F-AAFC-D23492764BC9}.Debug|Any CPU.ActiveCfg = Debug|Any CPU
		{FBC77918-7657-444F-AAFC-D23492764BC9}.Debug|Any CPU.Build.0 = Debug|Any CPU
		{FBC77918-7657-444F-AAFC-D23492764BC9}.Release|Any CPU.ActiveCfg = Release|Any CPU
		{FBC77918-7657-444F-AAFC-D23492764BC9}.Release|Any CPU.Build.0 = Release|Any CPU
		{855C79B0-F74A-4FD9-9C56-A8208AC6FD68}.Debug|Any CPU.ActiveCfg = Debug|Any CPU
		{855C79B0-F74A-4FD9-9C56-A8208AC6FD68}.Debug|Any CPU.Build.0 = Debug|Any CPU
		{855C79B0-F74A-4FD9-9C56-A8208AC6FD68}.Release|Any CPU.ActiveCfg = Release|Any CPU
		{855C79B0-F74A-4FD9-9C56-A8208AC6FD68}.Release|Any CPU.Build.0 = Release|Any CPU
		{6E984C09-ADF8-40CF-B4E4-E40293759D6E}.Debug|Any CPU.ActiveCfg = Debug|Any CPU
		{6E984C09-ADF8-40CF-B4E4-E40293759D6E}.Debug|Any CPU.Build.0 = Debug|Any CPU
		{6E984C09-ADF8-40CF-B4E4-E40293759D6E}.Release|Any CPU.ActiveCfg = Release|Any CPU
		{6E984C09-ADF8-40CF-B4E4-E40293759D6E}.Release|Any CPU.Build.0 = Release|Any CPU
		{BBFAB9D3-986C-41AF-B42E-5DEF43FFC71A}.Debug|Any CPU.ActiveCfg = Debug|Any CPU
		{BBFAB9D3-986C-41AF-B42E-5DEF43FFC71A}.Debug|Any CPU.Build.0 = Debug|Any CPU
		{BBFAB9D3-986C-41AF-B42E-5DEF43FFC71A}.Release|Any CPU.ActiveCfg = Release|Any CPU
		{BBFAB9D3-986C-41AF-B42E-5DEF43FFC71A}.Release|Any CPU.Build.0 = Release|Any CPU
		{AE92A7D9-7AA3-41CB-9A2A-98620908D122}.Debug|Any CPU.ActiveCfg = Debug|Any CPU
		{AE92A7D9-7AA3-41CB-9A2A-98620908D122}.Debug|Any CPU.Build.0 = Debug|Any CPU
		{AE92A7D9-7AA3-41CB-9A2A-98620908D122}.Release|Any CPU.ActiveCfg = Release|Any CPU
		{AE92A7D9-7AA3-41CB-9A2A-98620908D122}.Release|Any CPU.Build.0 = Release|Any CPU
		{9337B7AE-C114-4A47-8433-4D6B6C95E5D8}.Debug|Any CPU.ActiveCfg = Debug|Any CPU
		{9337B7AE-C114-4A47-8433-4D6B6C95E5D8}.Debug|Any CPU.Build.0 = Debug|Any CPU
		{9337B7AE-C114-4A47-8433-4D6B6C95E5D8}.Release|Any CPU.ActiveCfg = Release|Any CPU
		{9337B7AE-C114-4A47-8433-4D6B6C95E5D8}.Release|Any CPU.Build.0 = Release|Any CPU
		{7F124F17-88E6-4E35-8078-2C92685DE992}.Debug|Any CPU.ActiveCfg = Debug|Any CPU
		{7F124F17-88E6-4E35-8078-2C92685DE992}.Debug|Any CPU.Build.0 = Debug|Any CPU
		{7F124F17-88E6-4E35-8078-2C92685DE992}.Release|Any CPU.ActiveCfg = Release|Any CPU
		{7F124F17-88E6-4E35-8078-2C92685DE992}.Release|Any CPU.Build.0 = Release|Any CPU
		{B68DB2B3-355A-4C34-9048-E2ED5BC40884}.Debug|Any CPU.ActiveCfg = Debug|Any CPU
		{B68DB2B3-355A-4C34-9048-E2ED5BC40884}.Debug|Any CPU.Build.0 = Debug|Any CPU
		{B68DB2B3-355A-4C34-9048-E2ED5BC40884}.Release|Any CPU.ActiveCfg = Release|Any CPU
		{B68DB2B3-355A-4C34-9048-E2ED5BC40884}.Release|Any CPU.Build.0 = Release|Any CPU
		{08B5E0CB-F05B-4624-8CA0-B4FD8F4DFB2E}.Debug|Any CPU.ActiveCfg = Debug|Any CPU
		{08B5E0CB-F05B-4624-8CA0-B4FD8F4DFB2E}.Debug|Any CPU.Build.0 = Debug|Any CPU
		{08B5E0CB-F05B-4624-8CA0-B4FD8F4DFB2E}.Release|Any CPU.ActiveCfg = Release|Any CPU
		{08B5E0CB-F05B-4624-8CA0-B4FD8F4DFB2E}.Release|Any CPU.Build.0 = Release|Any CPU
		{1E8809EC-E972-4266-B98E-E03072BFB1A6}.Debug|Any CPU.ActiveCfg = Debug|Any CPU
		{1E8809EC-E972-4266-B98E-E03072BFB1A6}.Debug|Any CPU.Build.0 = Debug|Any CPU
		{1E8809EC-E972-4266-B98E-E03072BFB1A6}.Release|Any CPU.ActiveCfg = Release|Any CPU
		{1E8809EC-E972-4266-B98E-E03072BFB1A6}.Release|Any CPU.Build.0 = Release|Any CPU
		{DDD6B227-849F-41A0-AC20-5A9B12E1BDA6}.Debug|Any CPU.ActiveCfg = Debug|Any CPU
		{DDD6B227-849F-41A0-AC20-5A9B12E1BDA6}.Debug|Any CPU.Build.0 = Debug|Any CPU
		{DDD6B227-849F-41A0-AC20-5A9B12E1BDA6}.Release|Any CPU.ActiveCfg = Release|Any CPU
		{DDD6B227-849F-41A0-AC20-5A9B12E1BDA6}.Release|Any CPU.Build.0 = Release|Any CPU
		{1519D639-8343-44D8-B56B-87C35C6E74D4}.Debug|Any CPU.ActiveCfg = Debug|Any CPU
		{1519D639-8343-44D8-B56B-87C35C6E74D4}.Debug|Any CPU.Build.0 = Debug|Any CPU
		{1519D639-8343-44D8-B56B-87C35C6E74D4}.Release|Any CPU.ActiveCfg = Release|Any CPU
		{1519D639-8343-44D8-B56B-87C35C6E74D4}.Release|Any CPU.Build.0 = Release|Any CPU
		{72A5B22E-A810-4E1A-8B05-D7AB17069BDF}.Debug|Any CPU.ActiveCfg = Debug|Any CPU
		{72A5B22E-A810-4E1A-8B05-D7AB17069BDF}.Debug|Any CPU.Build.0 = Debug|Any CPU
		{72A5B22E-A810-4E1A-8B05-D7AB17069BDF}.Release|Any CPU.ActiveCfg = Release|Any CPU
		{72A5B22E-A810-4E1A-8B05-D7AB17069BDF}.Release|Any CPU.Build.0 = Release|Any CPU
		{E889CE74-8085-4ADB-8C5D-F5736F47F71C}.Debug|Any CPU.ActiveCfg = Debug|Any CPU
		{E889CE74-8085-4ADB-8C5D-F5736F47F71C}.Debug|Any CPU.Build.0 = Debug|Any CPU
		{E889CE74-8085-4ADB-8C5D-F5736F47F71C}.Release|Any CPU.ActiveCfg = Release|Any CPU
		{E889CE74-8085-4ADB-8C5D-F5736F47F71C}.Release|Any CPU.Build.0 = Release|Any CPU
		{AC4F8D35-C1DE-4369-957D-23B8E33F516C}.Debug|Any CPU.ActiveCfg = Debug|Any CPU
		{AC4F8D35-C1DE-4369-957D-23B8E33F516C}.Debug|Any CPU.Build.0 = Debug|Any CPU
		{AC4F8D35-C1DE-4369-957D-23B8E33F516C}.Release|Any CPU.ActiveCfg = Release|Any CPU
		{AC4F8D35-C1DE-4369-957D-23B8E33F516C}.Release|Any CPU.Build.0 = Release|Any CPU
		{DF88EAA5-6D48-47B8-A4DA-0151D8E86134}.Debug|Any CPU.ActiveCfg = Debug|Any CPU
		{DF88EAA5-6D48-47B8-A4DA-0151D8E86134}.Debug|Any CPU.Build.0 = Debug|Any CPU
		{DF88EAA5-6D48-47B8-A4DA-0151D8E86134}.Release|Any CPU.ActiveCfg = Release|Any CPU
		{DF88EAA5-6D48-47B8-A4DA-0151D8E86134}.Release|Any CPU.Build.0 = Release|Any CPU
		{F9078FB1-AAFB-47B0-A0FF-D9D7A2E27965}.Debug|Any CPU.ActiveCfg = Debug|Any CPU
		{F9078FB1-AAFB-47B0-A0FF-D9D7A2E27965}.Debug|Any CPU.Build.0 = Debug|Any CPU
		{F9078FB1-AAFB-47B0-A0FF-D9D7A2E27965}.Release|Any CPU.ActiveCfg = Release|Any CPU
		{F9078FB1-AAFB-47B0-A0FF-D9D7A2E27965}.Release|Any CPU.Build.0 = Release|Any CPU
		{3956D1A7-AB41-4128-9B39-ED27EC01807D}.Debug|Any CPU.ActiveCfg = Debug|Any CPU
		{3956D1A7-AB41-4128-9B39-ED27EC01807D}.Debug|Any CPU.Build.0 = Debug|Any CPU
		{3956D1A7-AB41-4128-9B39-ED27EC01807D}.Release|Any CPU.ActiveCfg = Release|Any CPU
		{3956D1A7-AB41-4128-9B39-ED27EC01807D}.Release|Any CPU.Build.0 = Release|Any CPU
		{9FD4F9E6-2974-47AE-A88A-918417C059A0}.Debug|Any CPU.ActiveCfg = Debug|Any CPU
		{9FD4F9E6-2974-47AE-A88A-918417C059A0}.Debug|Any CPU.Build.0 = Debug|Any CPU
		{9FD4F9E6-2974-47AE-A88A-918417C059A0}.Release|Any CPU.ActiveCfg = Release|Any CPU
		{9FD4F9E6-2974-47AE-A88A-918417C059A0}.Release|Any CPU.Build.0 = Release|Any CPU
	EndGlobalSection
	GlobalSection(SolutionProperties) = preSolution
		HideSolutionNode = FALSE
	EndGlobalSection
	GlobalSection(NestedProjects) = preSolution
		{65B2D9AB-EEF9-4246-9F99-DF141937F89A} = {CBEB469F-D456-4B20-8961-F94307D67021}
		{AD463452-6AC7-4955-B9E0-605A156BA12D} = {CBEB469F-D456-4B20-8961-F94307D67021}
		{D77CB1B5-D1DA-4D41-A562-7A0CD81E9B98} = {CBEB469F-D456-4B20-8961-F94307D67021}
		{20CDD4A0-290B-4906-A559-F9ED93E81BAD} = {CBEB469F-D456-4B20-8961-F94307D67021}
		{660D6F65-D0ED-4DC1-BD0A-83C94A58AE8C} = {CBEB469F-D456-4B20-8961-F94307D67021}
		{0AC9DA63-3C52-45E4-9EC6-31060FB29BA5} = {CBEB469F-D456-4B20-8961-F94307D67021}
		{949BBFF3-C37B-405A-B453-3F0AB2E75F26} = {CBEB469F-D456-4B20-8961-F94307D67021}
		{879130F4-D313-46B2-BF2B-1EBE4EBEE365} = {CBEB469F-D456-4B20-8961-F94307D67021}
		{B9B07FEF-CC69-4A70-8CA4-2AE41395A450} = {CBEB469F-D456-4B20-8961-F94307D67021}
		{BC692E8D-8D64-43CF-A6CD-7B67FD801CD6} = {CBEB469F-D456-4B20-8961-F94307D67021}
		{F5997AC2-C750-4433-9EB9-4AB54302A5BB} = {CBEB469F-D456-4B20-8961-F94307D67021}
		{7B788B7D-8C22-403D-B61E-4ABA9D2D7EA6} = {CBEB469F-D456-4B20-8961-F94307D67021}
		{E196C274-B2B1-413C-A3FB-D43A37684AB9} = {CBEB469F-D456-4B20-8961-F94307D67021}
		{36989B63-E608-4C5B-90AE-58D7336CE437} = {CBEB469F-D456-4B20-8961-F94307D67021}
		{A28C2173-61EC-467D-8FF2-9105F9BCEB56} = {CBEB469F-D456-4B20-8961-F94307D67021}
		{22E64C1A-E422-424B-930B-5FB660B90787} = {CBEB469F-D456-4B20-8961-F94307D67021}
		{FCAE12A8-EF98-4D00-90E3-477CC2A126E6} = {CBEB469F-D456-4B20-8961-F94307D67021}
		{B3D54113-7797-4BD1-8555-B77A5A09D2F3} = {CBEB469F-D456-4B20-8961-F94307D67021}
		{214C0F75-7784-4F32-9743-AE5CED3EF475} = {CBEB469F-D456-4B20-8961-F94307D67021}
		{76D08C9A-882C-4C08-ABC0-B8D7DBE718D2} = {1C95415B-57F3-456A-86C1-63243B98D6D1}
		{4D4B31B7-AE1A-4EBC-91DE-42F597933E79} = {1C95415B-57F3-456A-86C1-63243B98D6D1}
		{184C6323-0E6C-41CE-A1EA-A066954AD897} = {1C95415B-57F3-456A-86C1-63243B98D6D1}
		{A8F7D205-D4A9-4C27-B394-87D92604C7DF} = {1C95415B-57F3-456A-86C1-63243B98D6D1}
		{D58D95E6-9E74-4219-B205-425712F70827} = {1C95415B-57F3-456A-86C1-63243B98D6D1}
		{4483DB4D-8F7B-43A9-8AFE-B74136E5C028} = {1C95415B-57F3-456A-86C1-63243B98D6D1}
		{72E44466-1AEB-4805-B5B2-7CA5B294601E} = {1C95415B-57F3-456A-86C1-63243B98D6D1}
		{A71276D8-1764-455A-8E8F-071D13020501} = {1C95415B-57F3-456A-86C1-63243B98D6D1}
		{4ABF7530-ECB4-429F-98B8-2D2F597D6974} = {1C95415B-57F3-456A-86C1-63243B98D6D1}
		{81BFDE3F-381F-49C1-A123-64E388FB1979} = {1C95415B-57F3-456A-86C1-63243B98D6D1}
		{D1F34902-B927-4B43-AC3E-F16BC39E9710} = {1C95415B-57F3-456A-86C1-63243B98D6D1}
		{A0A4F142-2063-4914-9939-83A39F900137} = {1C95415B-57F3-456A-86C1-63243B98D6D1}
		{0C5030BE-2B3B-44A5-B0D5-B0CA1ACA6827} = {1C95415B-57F3-456A-86C1-63243B98D6D1}
		{E46CE6AE-F757-4A1C-B69E-F88F5D1BF04A} = {1C95415B-57F3-456A-86C1-63243B98D6D1}
		{7CCB3168-C8A5-41C7-9001-7BAC3194A8C1} = {1C95415B-57F3-456A-86C1-63243B98D6D1}
		{7056D27D-DF56-464E-B368-F580B36BD347} = {1C95415B-57F3-456A-86C1-63243B98D6D1}
		{9D204A58-C9C8-42CD-B89B-B3816E9CCF2C} = {1C95415B-57F3-456A-86C1-63243B98D6D1}
		{B4D04184-208D-4456-ADA5-8A128E0683B1} = {1C95415B-57F3-456A-86C1-63243B98D6D1}
		{1F475BAB-CF28-44A6-9A37-50FD1FD2B3A3} = {1C95415B-57F3-456A-86C1-63243B98D6D1}
		{4BB2B3BB-A36E-485F-9FC9-BBE3E964879F} = {1C95415B-57F3-456A-86C1-63243B98D6D1}
		{C89220B7-B9D3-42A0-B62D-981FF976A5CF} = {1B3C8083-B151-4E87-ABE9-C67037ED2037}
		{1B3C8083-B151-4E87-ABE9-C67037ED2037} = {1C95415B-57F3-456A-86C1-63243B98D6D1}
		{DEF51106-35D9-4B07-8FF8-6D7FA2917D33} = {1C95415B-57F3-456A-86C1-63243B98D6D1}
		{C6EBEF00-9DE0-4D8D-A6AC-1A8AAA03288F} = {1B3C8083-B151-4E87-ABE9-C67037ED2037}
		{6F5AD16E-C718-44AD-8EEE-785B0C816783} = {1B3C8083-B151-4E87-ABE9-C67037ED2037}
		{03689818-06C2-4FAE-8392-C93CF209556F} = {1B3C8083-B151-4E87-ABE9-C67037ED2037}
		{5585955B-279B-4ABB-9188-DA56239EE287} = {1C95415B-57F3-456A-86C1-63243B98D6D1}
		{2729EBEA-0494-4238-899B-4A49F467760B} = {1B3C8083-B151-4E87-ABE9-C67037ED2037}
		{B294861D-0120-4DEF-96B4-0AE967B8B7B4} = {1B3C8083-B151-4E87-ABE9-C67037ED2037}
		{2CEB6A52-65CA-4422-A822-BC51A0DD36EE} = {1B3C8083-B151-4E87-ABE9-C67037ED2037}
		{4D3E95BC-C3E5-4184-965B-4213C7B4C548} = {1C95415B-57F3-456A-86C1-63243B98D6D1}
		{D9ABFE3A-67DE-468B-B484-3BA39ED6440F} = {1C95415B-57F3-456A-86C1-63243B98D6D1}
		{227F78FD-93D0-4F88-8573-1CCD5AAF3783} = {D9ABFE3A-67DE-468B-B484-3BA39ED6440F}
		{161C084A-3ED1-4A4E-A38B-D956B1E46CA1} = {D9ABFE3A-67DE-468B-B484-3BA39ED6440F}
		{7D45D27B-E3D2-4619-8205-EAD84F7EE991} = {D9ABFE3A-67DE-468B-B484-3BA39ED6440F}
		{BD04BAD3-C082-443C-8626-B22B0F52A66B} = {D9ABFE3A-67DE-468B-B484-3BA39ED6440F}
		{2B9F3DED-235E-4114-99CA-43232963CF6A} = {1C95415B-57F3-456A-86C1-63243B98D6D1}
		{E64EB497-7AE1-4130-904E-2A0714FD6234} = {1C95415B-57F3-456A-86C1-63243B98D6D1}
		{4F93B8D7-E3A7-4554-AA19-5D5A9D281C4D} = {1C95415B-57F3-456A-86C1-63243B98D6D1}
		{2C634A21-D7FE-431F-B17F-E7CC7EBA95E8} = {1C95415B-57F3-456A-86C1-63243B98D6D1}
		{BF7A66D0-98F7-4378-95E8-E21B8FC95B85} = {1C95415B-57F3-456A-86C1-63243B98D6D1}
		{6D9717DD-DCC6-4A59-A720-BD7D2252D042} = {BF7A66D0-98F7-4378-95E8-E21B8FC95B85}
		{3EE84B3F-8955-4EA8-A7C5-2FECED964256} = {1C95415B-57F3-456A-86C1-63243B98D6D1}
		{DC7F08E2-F89A-47D6-9384-2092EAD7C131} = {1C95415B-57F3-456A-86C1-63243B98D6D1}
		{1489F5D8-3D9F-48DE-8ABA-1D0AD0B75318} = {1C95415B-57F3-456A-86C1-63243B98D6D1}
		{5B221957-1998-4EAD-9116-5400127E08FF} = {1489F5D8-3D9F-48DE-8ABA-1D0AD0B75318}
		{ABD5F744-4F0B-4854-B09C-AB9FD0EB437B} = {1489F5D8-3D9F-48DE-8ABA-1D0AD0B75318}
		{A6B0BB4E-CA1C-4441-911E-D05FE70007C6} = {1489F5D8-3D9F-48DE-8ABA-1D0AD0B75318}
		{7A1DEC86-CAAD-4ADF-B432-7462F10FC07F} = {1489F5D8-3D9F-48DE-8ABA-1D0AD0B75318}
		{6BEF3AFC-DED2-4B85-9665-1D0BFE262C56} = {1489F5D8-3D9F-48DE-8ABA-1D0AD0B75318}
		{0D6CD852-9616-4433-8994-97E640B01769} = {1C95415B-57F3-456A-86C1-63243B98D6D1}
		{9340F536-EA4F-4CD0-9D75-7811318C8F44} = {1C95415B-57F3-456A-86C1-63243B98D6D1}
		{8391D6B7-3B11-46EE-A340-96FD794E2732} = {1C95415B-57F3-456A-86C1-63243B98D6D1}
		{1343D542-3072-498F-9A05-D7C0E447BD48} = {1C95415B-57F3-456A-86C1-63243B98D6D1}
		{CE038120-D39B-4996-AB69-F2DF4D4F57CF} = {1C95415B-57F3-456A-86C1-63243B98D6D1}
		{85FE4651-8CC3-46D5-AE24-F485E2BA754F} = {CE038120-D39B-4996-AB69-F2DF4D4F57CF}
		{9B1339E5-27DE-4CAB-B4BE-4CF542E16047} = {CE038120-D39B-4996-AB69-F2DF4D4F57CF}
		{205B5346-FA97-4156-828E-FD050A5A7222} = {9B1339E5-27DE-4CAB-B4BE-4CF542E16047}
		{A81AFE16-CADC-41D0-909F-4CACC1B794C9} = {85FE4651-8CC3-46D5-AE24-F485E2BA754F}
		{928E21FB-496C-4D81-AD4B-94CBCF97C779} = {CE038120-D39B-4996-AB69-F2DF4D4F57CF}
		{99F9322F-DC13-4C24-80AB-FC9EC1B7E519} = {928E21FB-496C-4D81-AD4B-94CBCF97C779}
		{7BFCEB9A-53A5-42C4-A9D4-3C7FC130B80A} = {9B1339E5-27DE-4CAB-B4BE-4CF542E16047}
		{E6A113A4-8CAA-4D93-AE94-E4472D71E43D} = {9B1339E5-27DE-4CAB-B4BE-4CF542E16047}
		{39C08D55-422F-40D6-8C2A-7BC9374B392B} = {9B1339E5-27DE-4CAB-B4BE-4CF542E16047}
		{0E77BC08-9AE6-465C-B518-DA038584FA83} = {1C95415B-57F3-456A-86C1-63243B98D6D1}
		{7B905DF2-7FB1-499A-952E-FB39C0AA3E17} = {0E77BC08-9AE6-465C-B518-DA038584FA83}
		{8EE4BDE9-6F7B-47CD-853A-BCA77CBE956F} = {1C95415B-57F3-456A-86C1-63243B98D6D1}
		{FE97D862-4B06-4167-BAFE-782FB76F604E} = {8EE4BDE9-6F7B-47CD-853A-BCA77CBE956F}
		{2BE5126E-4CEC-45BC-9B09-65A078D3F3F3} = {1C95415B-57F3-456A-86C1-63243B98D6D1}
		{2268940D-8EFB-4DE8-A964-A6C7A38A5C6D} = {1C95415B-57F3-456A-86C1-63243B98D6D1}
		{B2A89C2E-9F47-4B59-A763-7D730DB93DF9} = {2268940D-8EFB-4DE8-A964-A6C7A38A5C6D}
		{59B1DA19-CFCD-414B-9E92-62BB51274114} = {2268940D-8EFB-4DE8-A964-A6C7A38A5C6D}
		{795EA075-CBC3-4D6C-918C-69CC5B69B49C} = {1C95415B-57F3-456A-86C1-63243B98D6D1}
		{92EAD0F1-25EB-46F4-99F9-B1A24EAAD7BE} = {795EA075-CBC3-4D6C-918C-69CC5B69B49C}
		{F30628BE-0F90-4B6B-9818-918F41B99FB8} = {795EA075-CBC3-4D6C-918C-69CC5B69B49C}
		{83D39ADC-E086-41EB-8F64-EB28C67D6525} = {1C95415B-57F3-456A-86C1-63243B98D6D1}
		{E20136CB-883C-4B3C-9487-D2B94ABF68B9} = {1C95415B-57F3-456A-86C1-63243B98D6D1}
		{FF74D7A1-4638-4AC6-A16C-B227C0BE346C} = {E20136CB-883C-4B3C-9487-D2B94ABF68B9}
		{0B90402C-8A8C-496D-8173-32D6032ED99B} = {E20136CB-883C-4B3C-9487-D2B94ABF68B9}
		{105F7182-AB72-4563-BDEC-F79B7CBC56AD} = {1C95415B-57F3-456A-86C1-63243B98D6D1}
		{67A68B2D-5511-40BE-8315-6324BD7D9B43} = {1C95415B-57F3-456A-86C1-63243B98D6D1}
		{D986B4DB-626B-4BA6-83BD-AA03F2DAF8FC} = {1C95415B-57F3-456A-86C1-63243B98D6D1}
		{7F523C44-1679-4828-94D1-F8A057DE303E} = {1C95415B-57F3-456A-86C1-63243B98D6D1}
		{A6E8FFF7-D981-43D7-85C6-D92F8E76D3F7} = {A0498ADD-2E61-4D3E-89DD-162595C90E33}
		{C31FFCAB-E852-4A1A-A5E8-BC4EF6B394A1} = {A0498ADD-2E61-4D3E-89DD-162595C90E33}
		{0998496C-07A2-407C-A70E-69484B3734D8} = {C31FFCAB-E852-4A1A-A5E8-BC4EF6B394A1}
		{A67BF43E-CDA6-49BA-BC76-415A2988B624} = {C31FFCAB-E852-4A1A-A5E8-BC4EF6B394A1}
		{C9EA5ACE-2D50-4414-A2A3-9923A8088417} = {C31FFCAB-E852-4A1A-A5E8-BC4EF6B394A1}
		{0E221169-1F07-416E-9DAA-F53498E477D9} = {C31FFCAB-E852-4A1A-A5E8-BC4EF6B394A1}
		{B5154022-4F15-4C9C-93DE-EECDF197AE03} = {A0498ADD-2E61-4D3E-89DD-162595C90E33}
		{6B0D2242-542C-4EAB-A33D-DE81F9A30094} = {A0498ADD-2E61-4D3E-89DD-162595C90E33}
		{107D559B-DB31-44E4-90B9-402F4CE633BC} = {A0498ADD-2E61-4D3E-89DD-162595C90E33}
		{F91BA849-7C97-4831-AACA-9D57C2C4A72D} = {107D559B-DB31-44E4-90B9-402F4CE633BC}
		{C90A2025-99A1-40D5-B1E2-B846775962F1} = {107D559B-DB31-44E4-90B9-402F4CE633BC}
		{0AA7ED17-AA03-45C8-9424-9517C0290425} = {A0498ADD-2E61-4D3E-89DD-162595C90E33}
		{87DE27E1-7B94-492C-A00E-AEFF32ED3FD0} = {A0498ADD-2E61-4D3E-89DD-162595C90E33}
		{B5A28685-70BB-4C3A-8CA3-FA9C5CC5B0C6} = {A0498ADD-2E61-4D3E-89DD-162595C90E33}
		{3394422B-9F7C-4F09-A3F8-3D195E67C823} = {A0498ADD-2E61-4D3E-89DD-162595C90E33}
		{04B594F3-676A-4B8D-A2E8-22189895C74F} = {A0498ADD-2E61-4D3E-89DD-162595C90E33}
		{53ED7A2E-E1BE-41A4-B7F2-B4D606ED94DF} = {A0498ADD-2E61-4D3E-89DD-162595C90E33}
		{D2CD3950-2CA7-4B50-A08F-03A5D72EA1A6} = {A0498ADD-2E61-4D3E-89DD-162595C90E33}
		{07B54B3F-EA82-4844-931B-667211B05AEB} = {A0498ADD-2E61-4D3E-89DD-162595C90E33}
		{2363B00E-6610-4C9C-B7E6-08A200CAA987} = {A0498ADD-2E61-4D3E-89DD-162595C90E33}
		{DABCDDE2-E9AB-4F9B-A67A-93501706DB16} = {CE038120-D39B-4996-AB69-F2DF4D4F57CF}
		{71252293-D6D4-46A1-9973-4B8EF14C190F} = {1C95415B-57F3-456A-86C1-63243B98D6D1}
		{8021CD92-61D3-420E-8C24-BA34E73AE02A} = {71252293-D6D4-46A1-9973-4B8EF14C190F}
		{7E18E043-DF9A-4E8F-899B-3545270AC12E} = {71252293-D6D4-46A1-9973-4B8EF14C190F}
		{B5E4BA73-024F-474F-86CE-9281D81E31EB} = {1C95415B-57F3-456A-86C1-63243B98D6D1}
		{AFE36709-71CB-434B-9B18-210A82DBF7F2} = {B5E4BA73-024F-474F-86CE-9281D81E31EB}
		{6F297C84-CA49-4409-B541-A8DF115D057E} = {C285376D-07A3-4618-83FD-957C8FABE434}
		{06736ED6-988B-4427-BB9B-D124CB688B42} = {6F297C84-CA49-4409-B541-A8DF115D057E}
		{E8EB6575-03B8-47E1-88DC-1B65DAEC8A3A} = {06736ED6-988B-4427-BB9B-D124CB688B42}
		{23F5C0DD-C86C-4A81-B145-8BB7BA6C96A3} = {6F297C84-CA49-4409-B541-A8DF115D057E}
		{D6E7E758-347C-4E51-91E6-045E96142CD7} = {23F5C0DD-C86C-4A81-B145-8BB7BA6C96A3}
		{DA52FA74-DFA7-40DF-8640-C7E8BAE4217E} = {6F297C84-CA49-4409-B541-A8DF115D057E}
		{7E3878AF-F6F4-44AA-BFD6-F4C491203174} = {DA52FA74-DFA7-40DF-8640-C7E8BAE4217E}
		{EA44CB43-7DAC-4148-B277-00BE4A9597EA} = {6F297C84-CA49-4409-B541-A8DF115D057E}
		{3B81176E-82ED-43AB-946E-DD7B5DC421DB} = {EA44CB43-7DAC-4148-B277-00BE4A9597EA}
		{5C36E9F5-D5B0-42BD-B559-300C9EFC2FAA} = {C285376D-07A3-4618-83FD-957C8FABE434}
		{ED8FF1B6-D6FE-4427-AF4E-753A6C44A99A} = {5C36E9F5-D5B0-42BD-B559-300C9EFC2FAA}
		{D3E54D25-4DBB-4E0B-BFDA-056766C7A7EA} = {ED8FF1B6-D6FE-4427-AF4E-753A6C44A99A}
		{85E1D111-EBDC-4797-A41C-4DFEBB78AE0D} = {5C36E9F5-D5B0-42BD-B559-300C9EFC2FAA}
		{F0AE5421-B527-4074-AA29-FB5422C0A323} = {85E1D111-EBDC-4797-A41C-4DFEBB78AE0D}
		{E637B166-047F-4E64-904E-1B10092C679B} = {5C36E9F5-D5B0-42BD-B559-300C9EFC2FAA}
		{10D9DBF7-ADB0-44A8-9E7F-38E66822D1BD} = {E637B166-047F-4E64-904E-1B10092C679B}
		{9F86610B-691B-4089-AC26-5415AD429301} = {C285376D-07A3-4618-83FD-957C8FABE434}
		{E5DB459B-426B-4174-A445-121DE3525D45} = {9F86610B-691B-4089-AC26-5415AD429301}
		{10AB7092-44E6-461A-9573-9550760EC8AA} = {9F86610B-691B-4089-AC26-5415AD429301}
		{2D312D12-17FA-41C8-A3C9-E89CE30CD681} = {9F86610B-691B-4089-AC26-5415AD429301}
		{5A284094-B5F5-42B1-924B-B9C2043A432F} = {C285376D-07A3-4618-83FD-957C8FABE434}
		{4916DCAA-A3F9-4DF7-B39E-2FB4BA8C11B7} = {5A284094-B5F5-42B1-924B-B9C2043A432F}
		{FBC77918-7657-444F-AAFC-D23492764BC9} = {C285376D-07A3-4618-83FD-957C8FABE434}
		{855C79B0-F74A-4FD9-9C56-A8208AC6FD68} = {C285376D-07A3-4618-83FD-957C8FABE434}
		{A1DC0DC2-1A29-46F3-9AE1-94C363BA139A} = {C285376D-07A3-4618-83FD-957C8FABE434}
		{6E984C09-ADF8-40CF-B4E4-E40293759D6E} = {A1DC0DC2-1A29-46F3-9AE1-94C363BA139A}
		{BBFAB9D3-986C-41AF-B42E-5DEF43FFC71A} = {A1DC0DC2-1A29-46F3-9AE1-94C363BA139A}
		{AE92A7D9-7AA3-41CB-9A2A-98620908D122} = {A1DC0DC2-1A29-46F3-9AE1-94C363BA139A}
		{9337B7AE-C114-4A47-8433-4D6B6C95E5D8} = {A1DC0DC2-1A29-46F3-9AE1-94C363BA139A}
		{7F124F17-88E6-4E35-8078-2C92685DE992} = {A1DC0DC2-1A29-46F3-9AE1-94C363BA139A}
		{B68DB2B3-355A-4C34-9048-E2ED5BC40884} = {A1DC0DC2-1A29-46F3-9AE1-94C363BA139A}
		{08B5E0CB-F05B-4624-8CA0-B4FD8F4DFB2E} = {C285376D-07A3-4618-83FD-957C8FABE434}
		{79836ADC-575D-444F-ABB8-6F6ECEAE8A87} = {C285376D-07A3-4618-83FD-957C8FABE434}
		{1E8809EC-E972-4266-B98E-E03072BFB1A6} = {79836ADC-575D-444F-ABB8-6F6ECEAE8A87}
		{DDD6B227-849F-41A0-AC20-5A9B12E1BDA6} = {79836ADC-575D-444F-ABB8-6F6ECEAE8A87}
		{1519D639-8343-44D8-B56B-87C35C6E74D4} = {79836ADC-575D-444F-ABB8-6F6ECEAE8A87}
		{72A5B22E-A810-4E1A-8B05-D7AB17069BDF} = {79836ADC-575D-444F-ABB8-6F6ECEAE8A87}
		{E889CE74-8085-4ADB-8C5D-F5736F47F71C} = {C285376D-07A3-4618-83FD-957C8FABE434}
		{AC4F8D35-C1DE-4369-957D-23B8E33F516C} = {C285376D-07A3-4618-83FD-957C8FABE434}
		{DF88EAA5-6D48-47B8-A4DA-0151D8E86134} = {79836ADC-575D-444F-ABB8-6F6ECEAE8A87}
		{3B6FE905-44E0-491D-B69A-C75583F2C34A} = {A127DC97-4FAE-4FEC-9407-45FED43F7269}
		{F9078FB1-AAFB-47B0-A0FF-D9D7A2E27965} = {98A7BC53-FEB4-41CC-9AE6-28D40847CAE5}
		{3956D1A7-AB41-4128-9B39-ED27EC01807D} = {A127DC97-4FAE-4FEC-9407-45FED43F7269}
		{9FD4F9E6-2974-47AE-A88A-918417C059A0} = {A127DC97-4FAE-4FEC-9407-45FED43F7269}
	EndGlobalSection
	GlobalSection(ExtensibilityGlobals) = postSolution
		SolutionGuid = {9BA51885-EB3C-44A3-984A-D36717A6B89B}
	EndGlobalSection
EndGlobal
