
Microsoft Visual Studio Solution File, Format Version 12.00
# Visual Studio Version 16
VisualStudioVersion = 16.0.29509.3
MinimumVisualStudioVersion = 10.0.40219.1
Project("{FAE04EC0-301F-11D3-BF4B-00C04F79EFBC}") = "HomeWork1", "HomeWorkDouble\HomeWork1.csproj", "{65B2D9AB-EEF9-4246-9F99-DF141937F89A}"
EndProject
Project("{FAE04EC0-301F-11D3-BF4B-00C04F79EFBC}") = "ConsolePraktic", "ConsolePraktic\ConsolePraktic.csproj", "{AD463452-6AC7-4955-B9E0-605A156BA12D}"
EndProject
Project("{FAE04EC0-301F-11D3-BF4B-00C04F79EFBC}") = "Calculator", "Calculator\Calculator.csproj", "{D77CB1B5-D1DA-4D41-A562-7A0CD81E9B98}"
EndProject
Project("{FAE04EC0-301F-11D3-BF4B-00C04F79EFBC}") = "HY_HomeWork01_WPF", "HY_HomeWork01_WPF\HY_HomeWork01_WPF.csproj", "{20CDD4A0-290B-4906-A559-F9ED93E81BAD}"
EndProject
Project("{FAE04EC0-301F-11D3-BF4B-00C04F79EFBC}") = "11122019ClassWork", "11122019ClassWork\11122019ClassWork.csproj", "{660D6F65-D0ED-4DC1-BD0A-83C94A58AE8C}"
EndProject
Project("{FAE04EC0-301F-11D3-BF4B-00C04F79EFBC}") = "01_003_HomeTasks_01_3_Switch", "003_HomeTasks_01_3_Switch\01_003_HomeTasks_01_3_Switch.csproj", "{0AC9DA63-3C52-45E4-9EC6-31060FB29BA5}"
EndProject
Project("{FAE04EC0-301F-11D3-BF4B-00C04F79EFBC}") = "01_004_HomeTasks_01_4_For", "004_HomeTasks_01_4_For\01_004_HomeTasks_01_4_For.csproj", "{949BBFF3-C37B-405A-B453-3F0AB2E75F26}"
EndProject
Project("{FAE04EC0-301F-11D3-BF4B-00C04F79EFBC}") = "01_004_GuessTheGameWPF", "004_GuessTheGameWPF\01_004_GuessTheGameWPF.csproj", "{879130F4-D313-46B2-BF2B-1EBE4EBEE365}"
EndProject
Project("{FAE04EC0-301F-11D3-BF4B-00C04F79EFBC}") = "Test", "Test\Test.csproj", "{B9B07FEF-CC69-4A70-8CA4-2AE41395A450}"
EndProject
Project("{FAE04EC0-301F-11D3-BF4B-00C04F79EFBC}") = "01_005_HomeTask_For_For", "01_05_HomeTask_For_For\01_005_HomeTask_For_For.csproj", "{BC692E8D-8D64-43CF-A6CD-7B67FD801CD6}"
EndProject
Project("{FAE04EC0-301F-11D3-BF4B-00C04F79EFBC}") = "01_005_HomeTask_For_For_WPF", "01_005_HomeTask_For_For_WPF\01_005_HomeTask_For_For_WPF.csproj", "{F5997AC2-C750-4433-9EB9-4AB54302A5BB}"
EndProject
Project("{2150E333-8FDC-42A3-9474-1A3956D46DE8}") = "001_HW", "001_HW", "{CBEB469F-D456-4B20-8961-F94307D67021}"
EndProject
Project("{FAE04EC0-301F-11D3-BF4B-00C04F79EFBC}") = "HW_01_04_Array_Sort_WeekDay", "HW_01_04_Array_Sort_WeekDay\HW_01_04_Array_Sort_WeekDay.csproj", "{7B788B7D-8C22-403D-B61E-4ABA9D2D7EA6}"
EndProject
Project("{FAE04EC0-301F-11D3-BF4B-00C04F79EFBC}") = "01_006_RegularExpressions", "01_004_RegularExpressions\01_006_RegularExpressions.csproj", "{E196C274-B2B1-413C-A3FB-D43A37684AB9}"
EndProject
Project("{FAE04EC0-301F-11D3-BF4B-00C04F79EFBC}") = "01_007_HomeTask_SearchSort", "01_007_HomeTask_SearchSort\01_007_HomeTask_SearchSort.csproj", "{36989B63-E608-4C5B-90AE-58D7336CE437}"
EndProject
Project("{FAE04EC0-301F-11D3-BF4B-00C04F79EFBC}") = "Array_Shifts", "Array_Shifts\Array_Shifts.csproj", "{A28C2173-61EC-467D-8FF2-9105F9BCEB56}"
EndProject
Project("{FAE04EC0-301F-11D3-BF4B-00C04F79EFBC}") = "01_008_CoffeSite", "01_008_CoffeSite\01_008_CoffeSite.csproj", "{22E64C1A-E422-424B-930B-5FB660B90787}"
EndProject
Project("{FAE04EC0-301F-11D3-BF4B-00C04F79EFBC}") = "01_009_HomeTask_2_massiv", "01_009_HomeTask_2_massiv\01_009_HomeTask_2_massiv.csproj", "{FCAE12A8-EF98-4D00-90E3-477CC2A126E6}"
EndProject
Project("{FAE04EC0-301F-11D3-BF4B-00C04F79EFBC}") = "13012019ClassWork", "13012019ClassWork\13012019ClassWork.csproj", "{B3D54113-7797-4BD1-8555-B77A5A09D2F3}"
EndProject
Global
	GlobalSection(SolutionConfigurationPlatforms) = preSolution
		Debug|Any CPU = Debug|Any CPU
		Release|Any CPU = Release|Any CPU
	EndGlobalSection
	GlobalSection(ProjectConfigurationPlatforms) = postSolution
		{65B2D9AB-EEF9-4246-9F99-DF141937F89A}.Debug|Any CPU.ActiveCfg = Debug|Any CPU
		{65B2D9AB-EEF9-4246-9F99-DF141937F89A}.Debug|Any CPU.Build.0 = Debug|Any CPU
		{65B2D9AB-EEF9-4246-9F99-DF141937F89A}.Release|Any CPU.ActiveCfg = Release|Any CPU
		{65B2D9AB-EEF9-4246-9F99-DF141937F89A}.Release|Any CPU.Build.0 = Release|Any CPU
		{AD463452-6AC7-4955-B9E0-605A156BA12D}.Debug|Any CPU.ActiveCfg = Debug|Any CPU
		{AD463452-6AC7-4955-B9E0-605A156BA12D}.Debug|Any CPU.Build.0 = Debug|Any CPU
		{AD463452-6AC7-4955-B9E0-605A156BA12D}.Release|Any CPU.ActiveCfg = Release|Any CPU
		{AD463452-6AC7-4955-B9E0-605A156BA12D}.Release|Any CPU.Build.0 = Release|Any CPU
		{D77CB1B5-D1DA-4D41-A562-7A0CD81E9B98}.Debug|Any CPU.ActiveCfg = Debug|Any CPU
		{D77CB1B5-D1DA-4D41-A562-7A0CD81E9B98}.Debug|Any CPU.Build.0 = Debug|Any CPU
		{D77CB1B5-D1DA-4D41-A562-7A0CD81E9B98}.Release|Any CPU.ActiveCfg = Release|Any CPU
		{D77CB1B5-D1DA-4D41-A562-7A0CD81E9B98}.Release|Any CPU.Build.0 = Release|Any CPU
		{20CDD4A0-290B-4906-A559-F9ED93E81BAD}.Debug|Any CPU.ActiveCfg = Debug|Any CPU
		{20CDD4A0-290B-4906-A559-F9ED93E81BAD}.Debug|Any CPU.Build.0 = Debug|Any CPU
		{20CDD4A0-290B-4906-A559-F9ED93E81BAD}.Release|Any CPU.ActiveCfg = Release|Any CPU
		{20CDD4A0-290B-4906-A559-F9ED93E81BAD}.Release|Any CPU.Build.0 = Release|Any CPU
		{660D6F65-D0ED-4DC1-BD0A-83C94A58AE8C}.Debug|Any CPU.ActiveCfg = Debug|Any CPU
		{660D6F65-D0ED-4DC1-BD0A-83C94A58AE8C}.Debug|Any CPU.Build.0 = Debug|Any CPU
		{660D6F65-D0ED-4DC1-BD0A-83C94A58AE8C}.Release|Any CPU.ActiveCfg = Release|Any CPU
		{660D6F65-D0ED-4DC1-BD0A-83C94A58AE8C}.Release|Any CPU.Build.0 = Release|Any CPU
		{0AC9DA63-3C52-45E4-9EC6-31060FB29BA5}.Debug|Any CPU.ActiveCfg = Debug|Any CPU
		{0AC9DA63-3C52-45E4-9EC6-31060FB29BA5}.Debug|Any CPU.Build.0 = Debug|Any CPU
		{0AC9DA63-3C52-45E4-9EC6-31060FB29BA5}.Release|Any CPU.ActiveCfg = Release|Any CPU
		{0AC9DA63-3C52-45E4-9EC6-31060FB29BA5}.Release|Any CPU.Build.0 = Release|Any CPU
		{949BBFF3-C37B-405A-B453-3F0AB2E75F26}.Debug|Any CPU.ActiveCfg = Debug|Any CPU
		{949BBFF3-C37B-405A-B453-3F0AB2E75F26}.Debug|Any CPU.Build.0 = Debug|Any CPU
		{949BBFF3-C37B-405A-B453-3F0AB2E75F26}.Release|Any CPU.ActiveCfg = Release|Any CPU
		{949BBFF3-C37B-405A-B453-3F0AB2E75F26}.Release|Any CPU.Build.0 = Release|Any CPU
		{879130F4-D313-46B2-BF2B-1EBE4EBEE365}.Debug|Any CPU.ActiveCfg = Debug|Any CPU
		{879130F4-D313-46B2-BF2B-1EBE4EBEE365}.Debug|Any CPU.Build.0 = Debug|Any CPU
		{879130F4-D313-46B2-BF2B-1EBE4EBEE365}.Release|Any CPU.ActiveCfg = Release|Any CPU
		{879130F4-D313-46B2-BF2B-1EBE4EBEE365}.Release|Any CPU.Build.0 = Release|Any CPU
		{B9B07FEF-CC69-4A70-8CA4-2AE41395A450}.Debug|Any CPU.ActiveCfg = Debug|Any CPU
		{B9B07FEF-CC69-4A70-8CA4-2AE41395A450}.Debug|Any CPU.Build.0 = Debug|Any CPU
		{B9B07FEF-CC69-4A70-8CA4-2AE41395A450}.Release|Any CPU.ActiveCfg = Release|Any CPU
		{B9B07FEF-CC69-4A70-8CA4-2AE41395A450}.Release|Any CPU.Build.0 = Release|Any CPU
		{BC692E8D-8D64-43CF-A6CD-7B67FD801CD6}.Debug|Any CPU.ActiveCfg = Debug|Any CPU
		{BC692E8D-8D64-43CF-A6CD-7B67FD801CD6}.Debug|Any CPU.Build.0 = Debug|Any CPU
		{BC692E8D-8D64-43CF-A6CD-7B67FD801CD6}.Release|Any CPU.ActiveCfg = Release|Any CPU
		{BC692E8D-8D64-43CF-A6CD-7B67FD801CD6}.Release|Any CPU.Build.0 = Release|Any CPU
		{F5997AC2-C750-4433-9EB9-4AB54302A5BB}.Debug|Any CPU.ActiveCfg = Debug|Any CPU
		{F5997AC2-C750-4433-9EB9-4AB54302A5BB}.Debug|Any CPU.Build.0 = Debug|Any CPU
		{F5997AC2-C750-4433-9EB9-4AB54302A5BB}.Release|Any CPU.ActiveCfg = Release|Any CPU
		{F5997AC2-C750-4433-9EB9-4AB54302A5BB}.Release|Any CPU.Build.0 = Release|Any CPU
		{7B788B7D-8C22-403D-B61E-4ABA9D2D7EA6}.Debug|Any CPU.ActiveCfg = Debug|Any CPU
		{7B788B7D-8C22-403D-B61E-4ABA9D2D7EA6}.Debug|Any CPU.Build.0 = Debug|Any CPU
		{7B788B7D-8C22-403D-B61E-4ABA9D2D7EA6}.Release|Any CPU.ActiveCfg = Release|Any CPU
		{7B788B7D-8C22-403D-B61E-4ABA9D2D7EA6}.Release|Any CPU.Build.0 = Release|Any CPU
		{E196C274-B2B1-413C-A3FB-D43A37684AB9}.Debug|Any CPU.ActiveCfg = Debug|Any CPU
		{E196C274-B2B1-413C-A3FB-D43A37684AB9}.Debug|Any CPU.Build.0 = Debug|Any CPU
		{E196C274-B2B1-413C-A3FB-D43A37684AB9}.Release|Any CPU.ActiveCfg = Release|Any CPU
		{E196C274-B2B1-413C-A3FB-D43A37684AB9}.Release|Any CPU.Build.0 = Release|Any CPU
		{36989B63-E608-4C5B-90AE-58D7336CE437}.Debug|Any CPU.ActiveCfg = Debug|Any CPU
		{36989B63-E608-4C5B-90AE-58D7336CE437}.Debug|Any CPU.Build.0 = Debug|Any CPU
		{36989B63-E608-4C5B-90AE-58D7336CE437}.Release|Any CPU.ActiveCfg = Release|Any CPU
		{36989B63-E608-4C5B-90AE-58D7336CE437}.Release|Any CPU.Build.0 = Release|Any CPU
		{A28C2173-61EC-467D-8FF2-9105F9BCEB56}.Debug|Any CPU.ActiveCfg = Debug|Any CPU
		{A28C2173-61EC-467D-8FF2-9105F9BCEB56}.Debug|Any CPU.Build.0 = Debug|Any CPU
		{A28C2173-61EC-467D-8FF2-9105F9BCEB56}.Release|Any CPU.ActiveCfg = Release|Any CPU
		{A28C2173-61EC-467D-8FF2-9105F9BCEB56}.Release|Any CPU.Build.0 = Release|Any CPU
		{22E64C1A-E422-424B-930B-5FB660B90787}.Debug|Any CPU.ActiveCfg = Debug|Any CPU
		{22E64C1A-E422-424B-930B-5FB660B90787}.Debug|Any CPU.Build.0 = Debug|Any CPU
		{22E64C1A-E422-424B-930B-5FB660B90787}.Release|Any CPU.ActiveCfg = Release|Any CPU
		{22E64C1A-E422-424B-930B-5FB660B90787}.Release|Any CPU.Build.0 = Release|Any CPU
		{FCAE12A8-EF98-4D00-90E3-477CC2A126E6}.Debug|Any CPU.ActiveCfg = Debug|Any CPU
		{FCAE12A8-EF98-4D00-90E3-477CC2A126E6}.Debug|Any CPU.Build.0 = Debug|Any CPU
		{FCAE12A8-EF98-4D00-90E3-477CC2A126E6}.Release|Any CPU.ActiveCfg = Release|Any CPU
		{FCAE12A8-EF98-4D00-90E3-477CC2A126E6}.Release|Any CPU.Build.0 = Release|Any CPU
		{B3D54113-7797-4BD1-8555-B77A5A09D2F3}.Debug|Any CPU.ActiveCfg = Debug|Any CPU
		{B3D54113-7797-4BD1-8555-B77A5A09D2F3}.Debug|Any CPU.Build.0 = Debug|Any CPU
		{B3D54113-7797-4BD1-8555-B77A5A09D2F3}.Release|Any CPU.ActiveCfg = Release|Any CPU
		{B3D54113-7797-4BD1-8555-B77A5A09D2F3}.Release|Any CPU.Build.0 = Release|Any CPU
	EndGlobalSection
	GlobalSection(SolutionProperties) = preSolution
		HideSolutionNode = FALSE
	EndGlobalSection
	GlobalSection(NestedProjects) = preSolution
		{65B2D9AB-EEF9-4246-9F99-DF141937F89A} = {CBEB469F-D456-4B20-8961-F94307D67021}
		{AD463452-6AC7-4955-B9E0-605A156BA12D} = {CBEB469F-D456-4B20-8961-F94307D67021}
		{D77CB1B5-D1DA-4D41-A562-7A0CD81E9B98} = {CBEB469F-D456-4B20-8961-F94307D67021}
		{20CDD4A0-290B-4906-A559-F9ED93E81BAD} = {CBEB469F-D456-4B20-8961-F94307D67021}
		{660D6F65-D0ED-4DC1-BD0A-83C94A58AE8C} = {CBEB469F-D456-4B20-8961-F94307D67021}
		{0AC9DA63-3C52-45E4-9EC6-31060FB29BA5} = {CBEB469F-D456-4B20-8961-F94307D67021}
		{949BBFF3-C37B-405A-B453-3F0AB2E75F26} = {CBEB469F-D456-4B20-8961-F94307D67021}
		{879130F4-D313-46B2-BF2B-1EBE4EBEE365} = {CBEB469F-D456-4B20-8961-F94307D67021}
		{B9B07FEF-CC69-4A70-8CA4-2AE41395A450} = {CBEB469F-D456-4B20-8961-F94307D67021}
		{BC692E8D-8D64-43CF-A6CD-7B67FD801CD6} = {CBEB469F-D456-4B20-8961-F94307D67021}
		{F5997AC2-C750-4433-9EB9-4AB54302A5BB} = {CBEB469F-D456-4B20-8961-F94307D67021}
		{7B788B7D-8C22-403D-B61E-4ABA9D2D7EA6} = {CBEB469F-D456-4B20-8961-F94307D67021}
		{E196C274-B2B1-413C-A3FB-D43A37684AB9} = {CBEB469F-D456-4B20-8961-F94307D67021}
		{36989B63-E608-4C5B-90AE-58D7336CE437} = {CBEB469F-D456-4B20-8961-F94307D67021}
		{A28C2173-61EC-467D-8FF2-9105F9BCEB56} = {CBEB469F-D456-4B20-8961-F94307D67021}
		{22E64C1A-E422-424B-930B-5FB660B90787} = {CBEB469F-D456-4B20-8961-F94307D67021}
		{FCAE12A8-EF98-4D00-90E3-477CC2A126E6} = {CBEB469F-D456-4B20-8961-F94307D67021}
		{B3D54113-7797-4BD1-8555-B77A5A09D2F3} = {CBEB469F-D456-4B20-8961-F94307D67021}
	EndGlobalSection
	GlobalSection(ExtensibilityGlobals) = postSolution
		SolutionGuid = {9BA51885-EB3C-44A3-984A-D36717A6B89B}
	EndGlobalSection
EndGlobal
